// !$*UTF8*$!
{
	archiveVersion = 1;
	classes = {
	};
	objectVersion = 56;
	objects = {

/* Begin PBXBuildFile section */
		1FAF32A42C88A69F009FCEA3 /* iForestApp.swift in Sources */ = {isa = PBXBuildFile; fileRef = 1FAF32A32C88A69F009FCEA3 /* iForestApp.swift */; };
		1FAF32A62C88A69F009FCEA3 /* ContentView.swift in Sources */ = {isa = PBXBuildFile; fileRef = 1FAF32A52C88A69F009FCEA3 /* ContentView.swift */; };
		1FAF32A82C88A6A0009FCEA3 /* Assets.xcassets in Resources */ = {isa = PBXBuildFile; fileRef = 1FAF32A72C88A6A0009FCEA3 /* Assets.xcassets */; };
		1FAF32AB2C88A6A0009FCEA3 /* Preview Assets.xcassets in Resources */ = {isa = PBXBuildFile; fileRef = 1FAF32AA2C88A6A0009FCEA3 /* Preview Assets.xcassets */; };
		1FC7D2D12C88ACBC000E6922 /* LoginView.swift in Sources */ = {isa = PBXBuildFile; fileRef = 1FC7D2D02C88ACBC000E6922 /* LoginView.swift */; };
		1FC7D2D32C88AD52000E6922 /* ForgotPasswordView.swift in Sources */ = {isa = PBXBuildFile; fileRef = 1FC7D2D22C88AD52000E6922 /* ForgotPasswordView.swift */; };
		1FC7D2D52C88ADAD000E6922 /* AuthenticationCoordinator.swift in Sources */ = {isa = PBXBuildFile; fileRef = 1FC7D2D42C88ADAD000E6922 /* AuthenticationCoordinator.swift */; };
		1FC7D2D72C88B5E4000E6922 /* AppCoordinator.swift in Sources */ = {isa = PBXBuildFile; fileRef = 1FC7D2D62C88B5E4000E6922 /* AppCoordinator.swift */; };
		1FC7D2D92C88B602000E6922 /* MainView.swift in Sources */ = {isa = PBXBuildFile; fileRef = 1FC7D2D82C88B602000E6922 /* MainView.swift */; };
		1FC7D2DB2C88D577000E6922 /* ProjectsCoordinator.swift in Sources */ = {isa = PBXBuildFile; fileRef = 1FC7D2DA2C88D577000E6922 /* ProjectsCoordinator.swift */; };
		1FC7D2DD2C88D619000E6922 /* StandsCoordinator.swift in Sources */ = {isa = PBXBuildFile; fileRef = 1FC7D2DC2C88D619000E6922 /* StandsCoordinator.swift */; };
		1FC7D2DF2C88D632000E6922 /* TreesCoordinator.swift in Sources */ = {isa = PBXBuildFile; fileRef = 1FC7D2DE2C88D632000E6922 /* TreesCoordinator.swift */; };
		1FC7D2E12C88D68A000E6922 /* ProjectsView.swift in Sources */ = {isa = PBXBuildFile; fileRef = 1FC7D2E02C88D68A000E6922 /* ProjectsView.swift */; };
		1FC7D2E32C88D6EC000E6922 /* StandsView.swift in Sources */ = {isa = PBXBuildFile; fileRef = 1FC7D2E22C88D6EC000E6922 /* StandsView.swift */; };
		1FC7D2E52C88D729000E6922 /* TreesView.swift in Sources */ = {isa = PBXBuildFile; fileRef = 1FC7D2E42C88D729000E6922 /* TreesView.swift */; };
		1FC7D2E72C88DDBC000E6922 /* AppDestination.swift in Sources */ = {isa = PBXBuildFile; fileRef = 1FC7D2E62C88DDBC000E6922 /* AppDestination.swift */; };
/* End PBXBuildFile section */

/* Begin PBXFileReference section */
		1FAF32A02C88A69F009FCEA3 /* iForest.app */ = {isa = PBXFileReference; explicitFileType = wrapper.application; includeInIndex = 0; path = iForest.app; sourceTree = BUILT_PRODUCTS_DIR; };
		1FAF32A32C88A69F009FCEA3 /* iForestApp.swift */ = {isa = PBXFileReference; lastKnownFileType = sourcecode.swift; path = iForestApp.swift; sourceTree = "<group>"; };
		1FAF32A52C88A69F009FCEA3 /* ContentView.swift */ = {isa = PBXFileReference; lastKnownFileType = sourcecode.swift; path = ContentView.swift; sourceTree = "<group>"; };
		1FAF32A72C88A6A0009FCEA3 /* Assets.xcassets */ = {isa = PBXFileReference; lastKnownFileType = folder.assetcatalog; path = Assets.xcassets; sourceTree = "<group>"; };
		1FAF32AA2C88A6A0009FCEA3 /* Preview Assets.xcassets */ = {isa = PBXFileReference; lastKnownFileType = folder.assetcatalog; path = "Preview Assets.xcassets"; sourceTree = "<group>"; };
		1FC7D2D02C88ACBC000E6922 /* LoginView.swift */ = {isa = PBXFileReference; lastKnownFileType = sourcecode.swift; path = LoginView.swift; sourceTree = "<group>"; };
		1FC7D2D22C88AD52000E6922 /* ForgotPasswordView.swift */ = {isa = PBXFileReference; lastKnownFileType = sourcecode.swift; path = ForgotPasswordView.swift; sourceTree = "<group>"; };
		1FC7D2D42C88ADAD000E6922 /* AuthenticationCoordinator.swift */ = {isa = PBXFileReference; lastKnownFileType = sourcecode.swift; path = AuthenticationCoordinator.swift; sourceTree = "<group>"; };
		1FC7D2D62C88B5E4000E6922 /* AppCoordinator.swift */ = {isa = PBXFileReference; lastKnownFileType = sourcecode.swift; path = AppCoordinator.swift; sourceTree = "<group>"; };
		1FC7D2D82C88B602000E6922 /* MainView.swift */ = {isa = PBXFileReference; lastKnownFileType = sourcecode.swift; path = MainView.swift; sourceTree = "<group>"; };
		1FC7D2DA2C88D577000E6922 /* ProjectsCoordinator.swift */ = {isa = PBXFileReference; lastKnownFileType = sourcecode.swift; path = ProjectsCoordinator.swift; sourceTree = "<group>"; };
		1FC7D2DC2C88D619000E6922 /* StandsCoordinator.swift */ = {isa = PBXFileReference; lastKnownFileType = sourcecode.swift; path = StandsCoordinator.swift; sourceTree = "<group>"; };
		1FC7D2DE2C88D632000E6922 /* TreesCoordinator.swift */ = {isa = PBXFileReference; lastKnownFileType = sourcecode.swift; path = TreesCoordinator.swift; sourceTree = "<group>"; };
		1FC7D2E02C88D68A000E6922 /* ProjectsView.swift */ = {isa = PBXFileReference; lastKnownFileType = sourcecode.swift; path = ProjectsView.swift; sourceTree = "<group>"; };
		1FC7D2E22C88D6EC000E6922 /* StandsView.swift */ = {isa = PBXFileReference; lastKnownFileType = sourcecode.swift; path = StandsView.swift; sourceTree = "<group>"; };
		1FC7D2E42C88D729000E6922 /* TreesView.swift */ = {isa = PBXFileReference; lastKnownFileType = sourcecode.swift; path = TreesView.swift; sourceTree = "<group>"; };
		1FC7D2E62C88DDBC000E6922 /* AppDestination.swift */ = {isa = PBXFileReference; lastKnownFileType = sourcecode.swift; path = AppDestination.swift; sourceTree = "<group>"; };
/* End PBXFileReference section */

/* Begin PBXFrameworksBuildPhase section */
		1FAF329D2C88A69F009FCEA3 /* Frameworks */ = {
			isa = PBXFrameworksBuildPhase;
			buildActionMask = 2147483647;
			files = (
			);
			runOnlyForDeploymentPostprocessing = 0;
		};
/* End PBXFrameworksBuildPhase section */

/* Begin PBXGroup section */
		1FAF32972C88A69F009FCEA3 = {
			isa = PBXGroup;
			children = (
				1FAF32A22C88A69F009FCEA3 /* iForest */,
				1FAF32A12C88A69F009FCEA3 /* Products */,
			);
			sourceTree = "<group>";
		};
		1FAF32A12C88A69F009FCEA3 /* Products */ = {
			isa = PBXGroup;
			children = (
				1FAF32A02C88A69F009FCEA3 /* iForest.app */,
			);
			name = Products;
			sourceTree = "<group>";
		};
		1FAF32A22C88A69F009FCEA3 /* iForest */ = {
			isa = PBXGroup;
			children = (
				1FAF32A32C88A69F009FCEA3 /* iForestApp.swift */,
				1FAF32A52C88A69F009FCEA3 /* ContentView.swift */,
				1FC7D2D02C88ACBC000E6922 /* LoginView.swift */,
				1FC7D2E02C88D68A000E6922 /* ProjectsView.swift */,
				1FC7D2E22C88D6EC000E6922 /* StandsView.swift */,
				1FC7D2E42C88D729000E6922 /* TreesView.swift */,
				1FC7D2D22C88AD52000E6922 /* ForgotPasswordView.swift */,
				1FC7D2D42C88ADAD000E6922 /* AuthenticationCoordinator.swift */,
				1FC7D2E62C88DDBC000E6922 /* AppDestination.swift */,
				1FC7D2DC2C88D619000E6922 /* StandsCoordinator.swift */,
				1FC7D2DE2C88D632000E6922 /* TreesCoordinator.swift */,
				1FC7D2D62C88B5E4000E6922 /* AppCoordinator.swift */,
				1FC7D2DA2C88D577000E6922 /* ProjectsCoordinator.swift */,
				1FC7D2D82C88B602000E6922 /* MainView.swift */,
				1FAF32A72C88A6A0009FCEA3 /* Assets.xcassets */,
				1FAF32A92C88A6A0009FCEA3 /* Preview Content */,
			);
			path = iForest;
			sourceTree = "<group>";
		};
		1FAF32A92C88A6A0009FCEA3 /* Preview Content */ = {
			isa = PBXGroup;
			children = (
				1FAF32AA2C88A6A0009FCEA3 /* Preview Assets.xcassets */,
			);
			path = "Preview Content";
			sourceTree = "<group>";
		};
/* End PBXGroup section */

/* Begin PBXNativeTarget section */
		1FAF329F2C88A69F009FCEA3 /* iForest */ = {
			isa = PBXNativeTarget;
			buildConfigurationList = 1FAF32AE2C88A6A0009FCEA3 /* Build configuration list for PBXNativeTarget "iForest" */;
			buildPhases = (
				1FAF329C2C88A69F009FCEA3 /* Sources */,
				1FAF329D2C88A69F009FCEA3 /* Frameworks */,
				1FAF329E2C88A69F009FCEA3 /* Resources */,
			);
			buildRules = (
			);
			dependencies = (
			);
			name = iForest;
			productName = iForest;
			productReference = 1FAF32A02C88A69F009FCEA3 /* iForest.app */;
			productType = "com.apple.product-type.application";
		};
/* End PBXNativeTarget section */

/* Begin PBXProject section */
		1FAF32982C88A69F009FCEA3 /* Project object */ = {
			isa = PBXProject;
			attributes = {
				BuildIndependentTargetsInParallel = 1;
				LastSwiftUpdateCheck = 1540;
				LastUpgradeCheck = 1540;
				TargetAttributes = {
					1FAF329F2C88A69F009FCEA3 = {
						CreatedOnToolsVersion = 15.4;
					};
				};
			};
			buildConfigurationList = 1FAF329B2C88A69F009FCEA3 /* Build configuration list for PBXProject "iForest" */;
			compatibilityVersion = "Xcode 14.0";
			developmentRegion = en;
			hasScannedForEncodings = 0;
			knownRegions = (
				en,
				Base,
			);
			mainGroup = 1FAF32972C88A69F009FCEA3;
			productRefGroup = 1FAF32A12C88A69F009FCEA3 /* Products */;
			projectDirPath = "";
			projectRoot = "";
			targets = (
				1FAF329F2C88A69F009FCEA3 /* iForest */,
			);
		};
/* End PBXProject section */

/* Begin PBXResourcesBuildPhase section */
		1FAF329E2C88A69F009FCEA3 /* Resources */ = {
			isa = PBXResourcesBuildPhase;
			buildActionMask = 2147483647;
			files = (
				1FAF32AB2C88A6A0009FCEA3 /* Preview Assets.xcassets in Resources */,
				1FAF32A82C88A6A0009FCEA3 /* Assets.xcassets in Resources */,
			);
			runOnlyForDeploymentPostprocessing = 0;
		};
/* End PBXResourcesBuildPhase section */

/* Begin PBXSourcesBuildPhase section */
		1FAF329C2C88A69F009FCEA3 /* Sources */ = {
			isa = PBXSourcesBuildPhase;
			buildActionMask = 2147483647;
			files = (
				1FC7D2D72C88B5E4000E6922 /* AppCoordinator.swift in Sources */,
				1FC7D2DD2C88D619000E6922 /* StandsCoordinator.swift in Sources */,
				1FC7D2DF2C88D632000E6922 /* TreesCoordinator.swift in Sources */,
				1FC7D2E32C88D6EC000E6922 /* StandsView.swift in Sources */,
				1FC7D2D92C88B602000E6922 /* MainView.swift in Sources */,
				1FC7D2DB2C88D577000E6922 /* ProjectsCoordinator.swift in Sources */,
				1FC7D2D12C88ACBC000E6922 /* LoginView.swift in Sources */,
				1FC7D2D52C88ADAD000E6922 /* AuthenticationCoordinator.swift in Sources */,
				1FAF32A62C88A69F009FCEA3 /* ContentView.swift in Sources */,
				1FC7D2D32C88AD52000E6922 /* ForgotPasswordView.swift in Sources */,
				1FC7D2E72C88DDBC000E6922 /* AppDestination.swift in Sources */,
				1FC7D2E52C88D729000E6922 /* TreesView.swift in Sources */,
				1FC7D2E12C88D68A000E6922 /* ProjectsView.swift in Sources */,
				1FAF32A42C88A69F009FCEA3 /* iForestApp.swift in Sources */,
			);
			runOnlyForDeploymentPostprocessing = 0;
		};
/* End PBXSourcesBuildPhase section */

/* Begin XCBuildConfiguration section */
		1FAF32AC2C88A6A0009FCEA3 /* Debug */ = {
			isa = XCBuildConfiguration;
			buildSettings = {
				ALWAYS_SEARCH_USER_PATHS = NO;
				ASSETCATALOG_COMPILER_GENERATE_SWIFT_ASSET_SYMBOL_EXTENSIONS = YES;
				CLANG_ANALYZER_NONNULL = YES;
				CLANG_ANALYZER_NUMBER_OBJECT_CONVERSION = YES_AGGRESSIVE;
				CLANG_CXX_LANGUAGE_STANDARD = "gnu++20";
				CLANG_ENABLE_MODULES = YES;
				CLANG_ENABLE_OBJC_ARC = YES;
				CLANG_ENABLE_OBJC_WEAK = YES;
				CLANG_WARN_BLOCK_CAPTURE_AUTORELEASING = YES;
				CLANG_WARN_BOOL_CONVERSION = YES;
				CLANG_WARN_COMMA = YES;
				CLANG_WARN_CONSTANT_CONVERSION = YES;
				CLANG_WARN_DEPRECATED_OBJC_IMPLEMENTATIONS = YES;
				CLANG_WARN_DIRECT_OBJC_ISA_USAGE = YES_ERROR;
				CLANG_WARN_DOCUMENTATION_COMMENTS = YES;
				CLANG_WARN_EMPTY_BODY = YES;
				CLANG_WARN_ENUM_CONVERSION = YES;
				CLANG_WARN_INFINITE_RECURSION = YES;
				CLANG_WARN_INT_CONVERSION = YES;
				CLANG_WARN_NON_LITERAL_NULL_CONVERSION = YES;
				CLANG_WARN_OBJC_IMPLICIT_RETAIN_SELF = YES;
				CLANG_WARN_OBJC_LITERAL_CONVERSION = YES;
				CLANG_WARN_OBJC_ROOT_CLASS = YES_ERROR;
				CLANG_WARN_QUOTED_INCLUDE_IN_FRAMEWORK_HEADER = YES;
				CLANG_WARN_RANGE_LOOP_ANALYSIS = YES;
				CLANG_WARN_STRICT_PROTOTYPES = YES;
				CLANG_WARN_SUSPICIOUS_MOVE = YES;
				CLANG_WARN_UNGUARDED_AVAILABILITY = YES_AGGRESSIVE;
				CLANG_WARN_UNREACHABLE_CODE = YES;
				CLANG_WARN__DUPLICATE_METHOD_MATCH = YES;
				COPY_PHASE_STRIP = NO;
				DEBUG_INFORMATION_FORMAT = dwarf;
				ENABLE_STRICT_OBJC_MSGSEND = YES;
				ENABLE_TESTABILITY = YES;
				ENABLE_USER_SCRIPT_SANDBOXING = YES;
				GCC_C_LANGUAGE_STANDARD = gnu17;
				GCC_DYNAMIC_NO_PIC = NO;
				GCC_NO_COMMON_BLOCKS = YES;
				GCC_OPTIMIZATION_LEVEL = 0;
				GCC_PREPROCESSOR_DEFINITIONS = (
					"DEBUG=1",
					"$(inherited)",
				);
				GCC_WARN_64_TO_32_BIT_CONVERSION = YES;
				GCC_WARN_ABOUT_RETURN_TYPE = YES_ERROR;
				GCC_WARN_UNDECLARED_SELECTOR = YES;
				GCC_WARN_UNINITIALIZED_AUTOS = YES_AGGRESSIVE;
				GCC_WARN_UNUSED_FUNCTION = YES;
				GCC_WARN_UNUSED_VARIABLE = YES;
				IPHONEOS_DEPLOYMENT_TARGET = 17.5;
				LOCALIZATION_PREFERS_STRING_CATALOGS = YES;
				MTL_ENABLE_DEBUG_INFO = INCLUDE_SOURCE;
				MTL_FAST_MATH = YES;
				ONLY_ACTIVE_ARCH = YES;
				SDKROOT = iphoneos;
				SWIFT_ACTIVE_COMPILATION_CONDITIONS = "DEBUG $(inherited)";
				SWIFT_OPTIMIZATION_LEVEL = "-Onone";
			};
			name = Debug;
		};
		1FAF32AD2C88A6A0009FCEA3 /* Release */ = {
			isa = XCBuildConfiguration;
			buildSettings = {
				ALWAYS_SEARCH_USER_PATHS = NO;
				ASSETCATALOG_COMPILER_GENERATE_SWIFT_ASSET_SYMBOL_EXTENSIONS = YES;
				CLANG_ANALYZER_NONNULL = YES;
				CLANG_ANALYZER_NUMBER_OBJECT_CONVERSION = YES_AGGRESSIVE;
				CLANG_CXX_LANGUAGE_STANDARD = "gnu++20";
				CLANG_ENABLE_MODULES = YES;
				CLANG_ENABLE_OBJC_ARC = YES;
				CLANG_ENABLE_OBJC_WEAK = YES;
				CLANG_WARN_BLOCK_CAPTURE_AUTORELEASING = YES;
				CLANG_WARN_BOOL_CONVERSION = YES;
				CLANG_WARN_COMMA = YES;
				CLANG_WARN_CONSTANT_CONVERSION = YES;
				CLANG_WARN_DEPRECATED_OBJC_IMPLEMENTATIONS = YES;
				CLANG_WARN_DIRECT_OBJC_ISA_USAGE = YES_ERROR;
				CLANG_WARN_DOCUMENTATION_COMMENTS = YES;
				CLANG_WARN_EMPTY_BODY = YES;
				CLANG_WARN_ENUM_CONVERSION = YES;
				CLANG_WARN_INFINITE_RECURSION = YES;
				CLANG_WARN_INT_CONVERSION = YES;
				CLANG_WARN_NON_LITERAL_NULL_CONVERSION = YES;
				CLANG_WARN_OBJC_IMPLICIT_RETAIN_SELF = YES;
				CLANG_WARN_OBJC_LITERAL_CONVERSION = YES;
				CLANG_WARN_OBJC_ROOT_CLASS = YES_ERROR;
				CLANG_WARN_QUOTED_INCLUDE_IN_FRAMEWORK_HEADER = YES;
				CLANG_WARN_RANGE_LOOP_ANALYSIS = YES;
				CLANG_WARN_STRICT_PROTOTYPES = YES;
				CLANG_WARN_SUSPICIOUS_MOVE = YES;
				CLANG_WARN_UNGUARDED_AVAILABILITY = YES_AGGRESSIVE;
				CLANG_WARN_UNREACHABLE_CODE = YES;
				CLANG_WARN__DUPLICATE_METHOD_MATCH = YES;
				COPY_PHASE_STRIP = NO;
				DEBUG_INFORMATION_FORMAT = "dwarf-with-dsym";
				ENABLE_NS_ASSERTIONS = NO;
				ENABLE_STRICT_OBJC_MSGSEND = YES;
				ENABLE_USER_SCRIPT_SANDBOXING = YES;
				GCC_C_LANGUAGE_STANDARD = gnu17;
				GCC_NO_COMMON_BLOCKS = YES;
				GCC_WARN_64_TO_32_BIT_CONVERSION = YES;
				GCC_WARN_ABOUT_RETURN_TYPE = YES_ERROR;
				GCC_WARN_UNDECLARED_SELECTOR = YES;
				GCC_WARN_UNINITIALIZED_AUTOS = YES_AGGRESSIVE;
				GCC_WARN_UNUSED_FUNCTION = YES;
				GCC_WARN_UNUSED_VARIABLE = YES;
				IPHONEOS_DEPLOYMENT_TARGET = 17.5;
				LOCALIZATION_PREFERS_STRING_CATALOGS = YES;
				MTL_ENABLE_DEBUG_INFO = NO;
				MTL_FAST_MATH = YES;
				SDKROOT = iphoneos;
				SWIFT_COMPILATION_MODE = wholemodule;
				VALIDATE_PRODUCT = YES;
			};
			name = Release;
		};
		1FAF32AF2C88A6A0009FCEA3 /* Debug */ = {
			isa = XCBuildConfiguration;
			buildSettings = {
				ASSETCATALOG_COMPILER_APPICON_NAME = AppIcon;
				ASSETCATALOG_COMPILER_GLOBAL_ACCENT_COLOR_NAME = AccentColor;
				CODE_SIGN_STYLE = Automatic;
				CURRENT_PROJECT_VERSION = 1;
				DEVELOPMENT_ASSET_PATHS = "\"iForest/Preview Content\"";
				DEVELOPMENT_TEAM = P3K32DW2KW;
				ENABLE_PREVIEWS = YES;
				GENERATE_INFOPLIST_FILE = YES;
				INFOPLIST_KEY_UIApplicationSceneManifest_Generation = YES;
				INFOPLIST_KEY_UIApplicationSupportsIndirectInputEvents = YES;
				INFOPLIST_KEY_UILaunchScreen_Generation = YES;
				INFOPLIST_KEY_UISupportedInterfaceOrientations_iPad = "UIInterfaceOrientationPortrait UIInterfaceOrientationPortraitUpsideDown UIInterfaceOrientationLandscapeLeft UIInterfaceOrientationLandscapeRight";
				INFOPLIST_KEY_UISupportedInterfaceOrientations_iPhone = "UIInterfaceOrientationPortrait UIInterfaceOrientationLandscapeLeft UIInterfaceOrientationLandscapeRight";
				LD_RUNPATH_SEARCH_PATHS = (
					"$(inherited)",
					"@executable_path/Frameworks",
				);
				MARKETING_VERSION = 1.0;
				PRODUCT_BUNDLE_IDENTIFIER = com.marcel.iForest;
				PRODUCT_NAME = "$(TARGET_NAME)";
				SWIFT_EMIT_LOC_STRINGS = YES;
				SWIFT_VERSION = 5.0;
				TARGETED_DEVICE_FAMILY = "1,2";
			};
			name = Debug;
		};
		1FAF32B02C88A6A0009FCEA3 /* Release */ = {
			isa = XCBuildConfiguration;
			buildSettings = {
				ASSETCATALOG_COMPILER_APPICON_NAME = AppIcon;
				ASSETCATALOG_COMPILER_GLOBAL_ACCENT_COLOR_NAME = AccentColor;
				CODE_SIGN_STYLE = Automatic;
				CURRENT_PROJECT_VERSION = 1;
				DEVELOPMENT_ASSET_PATHS = "\"iForest/Preview Content\"";
				DEVELOPMENT_TEAM = P3K32DW2KW;
				ENABLE_PREVIEWS = YES;
				GENERATE_INFOPLIST_FILE = YES;
				INFOPLIST_KEY_UIApplicationSceneManifest_Generation = YES;
				INFOPLIST_KEY_UIApplicationSupportsIndirectInputEvents = YES;
				INFOPLIST_KEY_UILaunchScreen_Generation = YES;
				INFOPLIST_KEY_UISupportedInterfaceOrientations_iPad = "UIInterfaceOrientationPortrait UIInterfaceOrientationPortraitUpsideDown UIInterfaceOrientationLandscapeLeft UIInterfaceOrientationLandscapeRight";
				INFOPLIST_KEY_UISupportedInterfaceOrientations_iPhone = "UIInterfaceOrientationPortrait UIInterfaceOrientationLandscapeLeft UIInterfaceOrientationLandscapeRight";
				LD_RUNPATH_SEARCH_PATHS = (
					"$(inherited)",
					"@executable_path/Frameworks",
				);
				MARKETING_VERSION = 1.0;
				PRODUCT_BUNDLE_IDENTIFIER = com.marcel.iForest;
				PRODUCT_NAME = "$(TARGET_NAME)";
				SWIFT_EMIT_LOC_STRINGS = YES;
				SWIFT_VERSION = 5.0;
				TARGETED_DEVICE_FAMILY = "1,2";
			};
			name = Release;
		};
/* End XCBuildConfiguration section */

/* Begin XCConfigurationList section */
		1FAF329B2C88A69F009FCEA3 /* Build configuration list for PBXProject "iForest" */ = {
			isa = XCConfigurationList;
			buildConfigurations = (
				1FAF32AC2C88A6A0009FCEA3 /* Debug */,
				1FAF32AD2C88A6A0009FCEA3 /* Release */,
			);
			defaultConfigurationIsVisible = 0;
			defaultConfigurationName = Release;
		};
		1FAF32AE2C88A6A0009FCEA3 /* Build configuration list for PBXNativeTarget "iForest" */ = {
			isa = XCConfigurationList;
			buildConfigurations = (
				1FAF32AF2C88A6A0009FCEA3 /* Debug */,
				1FAF32B02C88A6A0009FCEA3 /* Release */,
			);
			defaultConfigurationIsVisible = 0;
			defaultConfigurationName = Release;
		};
/* End XCConfigurationList section */
	};
	rootObject = 1FAF32982C88A69F009FCEA3 /* Project object */;
}
