// !$*UTF8*$!
{
	archiveVersion = 1;
	classes = {
	};
	objectVersion = 56;
	objects = {

/* Begin PBXBuildFile section */
		1F01B6042C97F67A002201E3 /* GoogleService-Info.plist in Resources */ = {isa = PBXBuildFile; fileRef = 1F01B6032C97F67A002201E3 /* GoogleService-Info.plist */; };
		1F0358F32C8987140054DEA9 /* Coordinator.swift in Sources */ = {isa = PBXBuildFile; fileRef = 1F0358F22C8987140054DEA9 /* Coordinator.swift */; };
		1F0358F52C8987420054DEA9 /* DeeplinkHandling.swift in Sources */ = {isa = PBXBuildFile; fileRef = 1F0358F42C8987420054DEA9 /* DeeplinkHandling.swift */; };
		1F0358F82C8987940054DEA9 /* Deeplink.swift in Sources */ = {isa = PBXBuildFile; fileRef = 1F0358F72C8987940054DEA9 /* Deeplink.swift */; };
		1F0358FC2C89885B0054DEA9 /* ViewControllerCoordinator.swift in Sources */ = {isa = PBXBuildFile; fileRef = 1F0358FB2C89885B0054DEA9 /* ViewControllerCoordinator.swift */; };
		1F0358FE2C8988860054DEA9 /* CustomError.swift in Sources */ = {isa = PBXBuildFile; fileRef = 1F0358FD2C8988860054DEA9 /* CustomError.swift */; };
		1F0359032C898BE60054DEA9 /* CoordinatorView.swift in Sources */ = {isa = PBXBuildFile; fileRef = 1F0359022C898BE60054DEA9 /* CoordinatorView.swift */; };
		1F0359072C89A1C80054DEA9 /* LoginNavigationCoordinatorEvent.swift in Sources */ = {isa = PBXBuildFile; fileRef = 1F0359062C89A1C80054DEA9 /* LoginNavigationCoordinatorEvent.swift */; };
		1F0359092C89A1E20054DEA9 /* LoginNavigationCoordinator.swift in Sources */ = {isa = PBXBuildFile; fileRef = 1F0359082C89A1E20054DEA9 /* LoginNavigationCoordinator.swift */; };
		1F03590D2C89D3C80054DEA9 /* CustomNavigationController.swift in Sources */ = {isa = PBXBuildFile; fileRef = 1F03590C2C89D3C80054DEA9 /* CustomNavigationController.swift */; };
		1F03590F2C89D3EE0054DEA9 /* CustomNavigationControllerEvent.swift in Sources */ = {isa = PBXBuildFile; fileRef = 1F03590E2C89D3EE0054DEA9 /* CustomNavigationControllerEvent.swift */; };
		1F0359122C89D4540054DEA9 /* EventEmitting.swift in Sources */ = {isa = PBXBuildFile; fileRef = 1F0359112C89D4540054DEA9 /* EventEmitting.swift */; };
		1F0359142C89D4CA0054DEA9 /* NavigationControllerCoordinator.swift in Sources */ = {isa = PBXBuildFile; fileRef = 1F0359132C89D4CA0054DEA9 /* NavigationControllerCoordinator.swift */; };
		1F0359162C89EE130054DEA9 /* LoginViewStore.swift in Sources */ = {isa = PBXBuildFile; fileRef = 1F0359152C89EE130054DEA9 /* LoginViewStore.swift */; };
		1F0359182C89EFCD0054DEA9 /* Store.swift in Sources */ = {isa = PBXBuildFile; fileRef = 1F0359172C89EFCD0054DEA9 /* Store.swift */; };
		1F03591A2C89EFE70054DEA9 /* LoginViewAction.swift in Sources */ = {isa = PBXBuildFile; fileRef = 1F0359192C89EFE70054DEA9 /* LoginViewAction.swift */; };
		1F03591C2C89EFFD0054DEA9 /* LoginViewState.swift in Sources */ = {isa = PBXBuildFile; fileRef = 1F03591B2C89EFFD0054DEA9 /* LoginViewState.swift */; };
		1F03591E2C89F07D0054DEA9 /* LoginViewEvent.swift in Sources */ = {isa = PBXBuildFile; fileRef = 1F03591D2C89F07D0054DEA9 /* LoginViewEvent.swift */; };
		1F0359212C89F2130054DEA9 /* UIViewController+Ext.swift in Sources */ = {isa = PBXBuildFile; fileRef = 1F0359202C89F2130054DEA9 /* UIViewController+Ext.swift */; };
		1F0359252C89F35C0054DEA9 /* LoginButton.swift in Sources */ = {isa = PBXBuildFile; fileRef = 1F0359242C89F35C0054DEA9 /* LoginButton.swift */; };
		1F0359272C89F61F0054DEA9 /* Action.swift in Sources */ = {isa = PBXBuildFile; fileRef = 1F0359262C89F61F0054DEA9 /* Action.swift */; };
		1F03592B2C89F78C0054DEA9 /* CustomTextField.swift in Sources */ = {isa = PBXBuildFile; fileRef = 1F03592A2C89F78C0054DEA9 /* CustomTextField.swift */; };
		1F03592D2C89F7B00054DEA9 /* CustomSecretTextField.swift in Sources */ = {isa = PBXBuildFile; fileRef = 1F03592C2C89F7B00054DEA9 /* CustomSecretTextField.swift */; };
		1F03592F2C89F7DD0054DEA9 /* CustomTextLabel.swift in Sources */ = {isa = PBXBuildFile; fileRef = 1F03592E2C89F7DD0054DEA9 /* CustomTextLabel.swift */; };
		1F0359322C89F83D0054DEA9 /* FontSize.swift in Sources */ = {isa = PBXBuildFile; fileRef = 1F0359312C89F83D0054DEA9 /* FontSize.swift */; };
		1F0359342C89F8640054DEA9 /* TextType.swift in Sources */ = {isa = PBXBuildFile; fileRef = 1F0359332C89F8640054DEA9 /* TextType.swift */; };
		1F0359372C89F8CF0054DEA9 /* Font+Appfonts.swift in Sources */ = {isa = PBXBuildFile; fileRef = 1F0359362C89F8CF0054DEA9 /* Font+Appfonts.swift */; };
		1F0359392C89F8EF0054DEA9 /* FontType.swift in Sources */ = {isa = PBXBuildFile; fileRef = 1F0359382C89F8EF0054DEA9 /* FontType.swift */; };
		1F03593E2C89F9980054DEA9 /* TextTypeModifier.swift in Sources */ = {isa = PBXBuildFile; fileRef = 1F03593D2C89F9980054DEA9 /* TextTypeModifier.swift */; };
		1F0359472C8A021B0054DEA9 /* ProjectView.swift in Sources */ = {isa = PBXBuildFile; fileRef = 1F0359462C8A021B0054DEA9 /* ProjectView.swift */; };
		1F2120EB2C95B1850050B857 /* FirebaseAuthManager.swift in Sources */ = {isa = PBXBuildFile; fileRef = 1F2120EA2C95B1850050B857 /* FirebaseAuthManager.swift */; };
		1F2120ED2C95B1BD0050B857 /* FirebaseAuthManaging.swift in Sources */ = {isa = PBXBuildFile; fileRef = 1F2120EC2C95B1BD0050B857 /* FirebaseAuthManaging.swift */; };
		1F2120F02C95B1E20050B857 /* Credentials.swift in Sources */ = {isa = PBXBuildFile; fileRef = 1F2120EF2C95B1E20050B857 /* Credentials.swift */; };
		1F2120F32C95B20F0050B857 /* KeychainServicing.swift in Sources */ = {isa = PBXBuildFile; fileRef = 1F2120F22C95B20F0050B857 /* KeychainServicing.swift */; };
		1F2120F52C95B2490050B857 /* KeychainService.swift in Sources */ = {isa = PBXBuildFile; fileRef = 1F2120F42C95B2490050B857 /* KeychainService.swift */; };
		1F2120F82C95B2720050B857 /* KeychainManager.swift in Sources */ = {isa = PBXBuildFile; fileRef = 1F2120F72C95B2720050B857 /* KeychainManager.swift */; };
		1F2120FA2C95B28A0050B857 /* KeychainManaging.swift in Sources */ = {isa = PBXBuildFile; fileRef = 1F2120F92C95B28A0050B857 /* KeychainManaging.swift */; };
		1F2120FC2C95B29B0050B857 /* KeychainManagerError.swift in Sources */ = {isa = PBXBuildFile; fileRef = 1F2120FB2C95B29B0050B857 /* KeychainManagerError.swift */; };
		1F2120FF2C95B2EB0050B857 /* KeychainAccess in Frameworks */ = {isa = PBXBuildFile; productRef = 1F2120FE2C95B2EB0050B857 /* KeychainAccess */; };
		1F2C337E2C96D45600FE0C02 /* Project.swift in Sources */ = {isa = PBXBuildFile; fileRef = 1F2C337D2C96D45600FE0C02 /* Project.swift */; };
		1F2C33802C96D92A00FE0C02 /* ProjectCreationView.swift in Sources */ = {isa = PBXBuildFile; fileRef = 1F2C337F2C96D92A00FE0C02 /* ProjectCreationView.swift */; };
		1F3529012CD13D7000BE11A8 /* AccessLevel.swift in Sources */ = {isa = PBXBuildFile; fileRef = 1F3529002CD13D7000BE11A8 /* AccessLevel.swift */; };
		1F6F60AD2CA6DE330046A869 /* StandViewEvent.swift in Sources */ = {isa = PBXBuildFile; fileRef = 1F6F60AC2CA6DE330046A869 /* StandViewEvent.swift */; };
		1F7246022CA528EC00D931CB /* LocalDataManager.swift in Sources */ = {isa = PBXBuildFile; fileRef = 1F7246012CA528EC00D931CB /* LocalDataManager.swift */; };
		1F7246042CA52B6F00D931CB /* Tree.swift in Sources */ = {isa = PBXBuildFile; fileRef = 1F7246032CA52B6F00D931CB /* Tree.swift */; };
		1F7246062CA52BA400D931CB /* Measurement.swift in Sources */ = {isa = PBXBuildFile; fileRef = 1F7246052CA52BA400D931CB /* Measurement.swift */; };
		1F7246092CA52D8200D931CB /* iForestDataModel.xcdatamodeld in Sources */ = {isa = PBXBuildFile; fileRef = 1F7246072CA52D8200D931CB /* iForestDataModel.xcdatamodeld */; };
		1F72460B2CA52EB700D931CB /* CoreDataStack.swift in Sources */ = {isa = PBXBuildFile; fileRef = 1F72460A2CA52EB700D931CB /* CoreDataStack.swift */; };
		1F8163B32CCEA6C400E721CD /* OnboardingNavigationCoordinator.swift in Sources */ = {isa = PBXBuildFile; fileRef = 1F8163B22CCEA6C400E721CD /* OnboardingNavigationCoordinator.swift */; };
		1F8163B52CCEA6E600E721CD /* OnboardingNavigationCoordinatorEvent.swift in Sources */ = {isa = PBXBuildFile; fileRef = 1F8163B42CCEA6E600E721CD /* OnboardingNavigationCoordinatorEvent.swift */; };
		1F8163B72CCEA71200E721CD /* OnboardingView.swift in Sources */ = {isa = PBXBuildFile; fileRef = 1F8163B62CCEA71200E721CD /* OnboardingView.swift */; };
		1F8163B92CCEA73600E721CD /* OnboardingNextView.swift in Sources */ = {isa = PBXBuildFile; fileRef = 1F8163B82CCEA73600E721CD /* OnboardingNextView.swift */; };
		1F8163BB2CCEA74E00E721CD /* OnboardingLastView.swift in Sources */ = {isa = PBXBuildFile; fileRef = 1F8163BA2CCEA74E00E721CD /* OnboardingLastView.swift */; };
		1F8163BD2CCEA76D00E721CD /* OnboardingViewEvent.swift in Sources */ = {isa = PBXBuildFile; fileRef = 1F8163BC2CCEA76D00E721CD /* OnboardingViewEvent.swift */; };
		1F8163BF2CCEA7C500E721CD /* EventEmittingView.swift in Sources */ = {isa = PBXBuildFile; fileRef = 1F8163BE2CCEA7C500E721CD /* EventEmittingView.swift */; };
		1F8163C22CCEA88300E721CD /* OnboardingButtonStyle.swift in Sources */ = {isa = PBXBuildFile; fileRef = 1F8163C12CCEA88300E721CD /* OnboardingButtonStyle.swift */; };
		1F8B6F052CA6ECC500B21B0D /* StandCreationView.swift in Sources */ = {isa = PBXBuildFile; fileRef = 1F8B6F042CA6ECC500B21B0D /* StandCreationView.swift */; };
		1FAF32A42C88A69F009FCEA3 /* iForestApp.swift in Sources */ = {isa = PBXBuildFile; fileRef = 1FAF32A32C88A69F009FCEA3 /* iForestApp.swift */; };
		1FAF32A82C88A6A0009FCEA3 /* Assets.xcassets in Resources */ = {isa = PBXBuildFile; fileRef = 1FAF32A72C88A6A0009FCEA3 /* Assets.xcassets */; };
		1FAF32AB2C88A6A0009FCEA3 /* Preview Assets.xcassets in Resources */ = {isa = PBXBuildFile; fileRef = 1FAF32AA2C88A6A0009FCEA3 /* Preview Assets.xcassets */; };
		1FB8F5DB2C8CA21D001405E3 /* FirebaseAuth in Frameworks */ = {isa = PBXBuildFile; productRef = 1FB8F5DA2C8CA21D001405E3 /* FirebaseAuth */; };
		1FB8F5DD2C8CA21D001405E3 /* FirebaseFirestore in Frameworks */ = {isa = PBXBuildFile; productRef = 1FB8F5DC2C8CA21D001405E3 /* FirebaseFirestore */; };
		1FBAAD282C8B374C0008DB60 /* ShantellSans-Bold.ttf in Resources */ = {isa = PBXBuildFile; fileRef = 1F0359402C89FF800054DEA9 /* ShantellSans-Bold.ttf */; };
		1FBAAD292C8B37500008DB60 /* ShantellSans-MediumItalic.ttf in Resources */ = {isa = PBXBuildFile; fileRef = 1F0359412C89FF800054DEA9 /* ShantellSans-MediumItalic.ttf */; };
		1FBAAD2A2C8B37530008DB60 /* ShantellSans-Regular.ttf in Resources */ = {isa = PBXBuildFile; fileRef = 1F03593F2C89FF800054DEA9 /* ShantellSans-Regular.ttf */; };
		1FBAAD2C2C8B3EE50008DB60 /* ProjectNavigationCoordinator.swift in Sources */ = {isa = PBXBuildFile; fileRef = 1FBAAD2B2C8B3EE50008DB60 /* ProjectNavigationCoordinator.swift */; };
		1FBAAD2E2C8B47330008DB60 /* ProjectNavigationCoordinatorEvent.swift in Sources */ = {isa = PBXBuildFile; fileRef = 1FBAAD2D2C8B47330008DB60 /* ProjectNavigationCoordinatorEvent.swift */; };
		1FBAAD302C8B50440008DB60 /* ProjectViewEvent.swift in Sources */ = {isa = PBXBuildFile; fileRef = 1FBAAD2F2C8B50440008DB60 /* ProjectViewEvent.swift */; };
		1FBAAD332C8B50AE0008DB60 /* ProjectViewStore.swift in Sources */ = {isa = PBXBuildFile; fileRef = 1FBAAD322C8B50AE0008DB60 /* ProjectViewStore.swift */; };
		1FBAAD352C8B50C90008DB60 /* ProjectViewAction.swift in Sources */ = {isa = PBXBuildFile; fileRef = 1FBAAD342C8B50C90008DB60 /* ProjectViewAction.swift */; };
		1FBAAD372C8B50D80008DB60 /* ProjectViewState.swift in Sources */ = {isa = PBXBuildFile; fileRef = 1FBAAD362C8B50D80008DB60 /* ProjectViewState.swift */; };
		1FC7D2D12C88ACBC000E6922 /* LoginView.swift in Sources */ = {isa = PBXBuildFile; fileRef = 1FC7D2D02C88ACBC000E6922 /* LoginView.swift */; };
		1FC7D2D72C88B5E4000E6922 /* AppCoordinator.swift in Sources */ = {isa = PBXBuildFile; fileRef = 1FC7D2D62C88B5E4000E6922 /* AppCoordinator.swift */; };
		1FD091AD2C96F8FD00E9A1D1 /* FirestoreManager.swift in Sources */ = {isa = PBXBuildFile; fileRef = 1FD091AC2C96F8FD00E9A1D1 /* FirestoreManager.swift */; };
		1FD091AF2C96F91600E9A1D1 /* DataManaging.swift in Sources */ = {isa = PBXBuildFile; fileRef = 1FD091AE2C96F91600E9A1D1 /* DataManaging.swift */; };
		1FD091B12C9722E700E9A1D1 /* Stand.swift in Sources */ = {isa = PBXBuildFile; fileRef = 1FD091B02C9722E700E9A1D1 /* Stand.swift */; };
		1FD091B32C97239800E9A1D1 /* StandViewStore.swift in Sources */ = {isa = PBXBuildFile; fileRef = 1FD091B22C97239800E9A1D1 /* StandViewStore.swift */; };
		1FD091B52C97242A00E9A1D1 /* StandView.swift in Sources */ = {isa = PBXBuildFile; fileRef = 1FD091B42C97242A00E9A1D1 /* StandView.swift */; };
		1FD091B72C97645600E9A1D1 /* StandsViewAction.swift in Sources */ = {isa = PBXBuildFile; fileRef = 1FD091B62C97645600E9A1D1 /* StandsViewAction.swift */; };
		1FD091B92C97648C00E9A1D1 /* StandsViewState.swift in Sources */ = {isa = PBXBuildFile; fileRef = 1FD091B82C97648C00E9A1D1 /* StandsViewState.swift */; };
		1FD20EC12CA84E2C002BCF1A /* TreeView.swift in Sources */ = {isa = PBXBuildFile; fileRef = 1FD20EC02CA84E2C002BCF1A /* TreeView.swift */; };
		1FD20EC32CA84E64002BCF1A /* TreeCreationView.swift in Sources */ = {isa = PBXBuildFile; fileRef = 1FD20EC22CA84E64002BCF1A /* TreeCreationView.swift */; };
		1FD20EC52CA84EFE002BCF1A /* TreeViewEvent.swift in Sources */ = {isa = PBXBuildFile; fileRef = 1FD20EC42CA84EFE002BCF1A /* TreeViewEvent.swift */; };
		1FD20EC72CA84F52002BCF1A /* TreeViewStore.swift in Sources */ = {isa = PBXBuildFile; fileRef = 1FD20EC62CA84F52002BCF1A /* TreeViewStore.swift */; };
		1FD20EC92CA84F85002BCF1A /* TreeViewAction.swift in Sources */ = {isa = PBXBuildFile; fileRef = 1FD20EC82CA84F85002BCF1A /* TreeViewAction.swift */; };
		1FD20ECB2CA84F9B002BCF1A /* TreeViewState.swift in Sources */ = {isa = PBXBuildFile; fileRef = 1FD20ECA2CA84F9B002BCF1A /* TreeViewState.swift */; };
		1FE751822CAAB395002D9383 /* PhotoCaptureCoordinator.swift in Sources */ = {isa = PBXBuildFile; fileRef = 1FE751812CAAB395002D9383 /* PhotoCaptureCoordinator.swift */; };
		1FE751842CAAB3CC002D9383 /* PhotoViewStore.swift in Sources */ = {isa = PBXBuildFile; fileRef = 1FE751832CAAB3CC002D9383 /* PhotoViewStore.swift */; };
		1FE751862CAAB6BB002D9383 /* PhotoViewAction.swift in Sources */ = {isa = PBXBuildFile; fileRef = 1FE751852CAAB6BB002D9383 /* PhotoViewAction.swift */; };
		1FE751882CAAB6C8002D9383 /* PhotoCaptureEvent.swift in Sources */ = {isa = PBXBuildFile; fileRef = 1FE751872CAAB6C8002D9383 /* PhotoCaptureEvent.swift */; };
		1FE7518A2CAAB71B002D9383 /* PhotoCaptureView.swift in Sources */ = {isa = PBXBuildFile; fileRef = 1FE751892CAAB71B002D9383 /* PhotoCaptureView.swift */; };
		1FE7518C2CAAB80B002D9383 /* PhotoCaptureViewEvent.swift in Sources */ = {isa = PBXBuildFile; fileRef = 1FE7518B2CAAB80B002D9383 /* PhotoCaptureViewEvent.swift */; };
		1FE7518E2CAAB84E002D9383 /* PhotoCaptureCoordinatorEvent.swift in Sources */ = {isa = PBXBuildFile; fileRef = 1FE7518D2CAAB84E002D9383 /* PhotoCaptureCoordinatorEvent.swift */; };
		1FE751912CAAB8AC002D9383 /* ImagePicker.swift in Sources */ = {isa = PBXBuildFile; fileRef = 1FE751902CAAB8AC002D9383 /* ImagePicker.swift */; };
/* End PBXBuildFile section */

/* Begin PBXFileReference section */
		1F01B6032C97F67A002201E3 /* GoogleService-Info.plist */ = {isa = PBXFileReference; fileEncoding = 4; lastKnownFileType = text.plist.xml; name = "GoogleService-Info.plist"; path = "iForest/GoogleService-Info.plist"; sourceTree = SOURCE_ROOT; };
		1F0358F22C8987140054DEA9 /* Coordinator.swift */ = {isa = PBXFileReference; lastKnownFileType = sourcecode.swift; path = Coordinator.swift; sourceTree = "<group>"; };
		1F0358F42C8987420054DEA9 /* DeeplinkHandling.swift */ = {isa = PBXFileReference; lastKnownFileType = sourcecode.swift; path = DeeplinkHandling.swift; sourceTree = "<group>"; };
		1F0358F72C8987940054DEA9 /* Deeplink.swift */ = {isa = PBXFileReference; lastKnownFileType = sourcecode.swift; path = Deeplink.swift; sourceTree = "<group>"; };
		1F0358FB2C89885B0054DEA9 /* ViewControllerCoordinator.swift */ = {isa = PBXFileReference; lastKnownFileType = sourcecode.swift; path = ViewControllerCoordinator.swift; sourceTree = "<group>"; };
		1F0358FD2C8988860054DEA9 /* CustomError.swift */ = {isa = PBXFileReference; lastKnownFileType = sourcecode.swift; path = CustomError.swift; sourceTree = "<group>"; };
		1F0359022C898BE60054DEA9 /* CoordinatorView.swift */ = {isa = PBXFileReference; lastKnownFileType = sourcecode.swift; path = CoordinatorView.swift; sourceTree = "<group>"; };
		1F0359062C89A1C80054DEA9 /* LoginNavigationCoordinatorEvent.swift */ = {isa = PBXFileReference; lastKnownFileType = sourcecode.swift; path = LoginNavigationCoordinatorEvent.swift; sourceTree = "<group>"; };
		1F0359082C89A1E20054DEA9 /* LoginNavigationCoordinator.swift */ = {isa = PBXFileReference; lastKnownFileType = sourcecode.swift; path = LoginNavigationCoordinator.swift; sourceTree = "<group>"; };
		1F03590C2C89D3C80054DEA9 /* CustomNavigationController.swift */ = {isa = PBXFileReference; lastKnownFileType = sourcecode.swift; path = CustomNavigationController.swift; sourceTree = "<group>"; };
		1F03590E2C89D3EE0054DEA9 /* CustomNavigationControllerEvent.swift */ = {isa = PBXFileReference; lastKnownFileType = sourcecode.swift; path = CustomNavigationControllerEvent.swift; sourceTree = "<group>"; };
		1F0359112C89D4540054DEA9 /* EventEmitting.swift */ = {isa = PBXFileReference; lastKnownFileType = sourcecode.swift; path = EventEmitting.swift; sourceTree = "<group>"; };
		1F0359132C89D4CA0054DEA9 /* NavigationControllerCoordinator.swift */ = {isa = PBXFileReference; lastKnownFileType = sourcecode.swift; path = NavigationControllerCoordinator.swift; sourceTree = "<group>"; };
		1F0359152C89EE130054DEA9 /* LoginViewStore.swift */ = {isa = PBXFileReference; lastKnownFileType = sourcecode.swift; path = LoginViewStore.swift; sourceTree = "<group>"; };
		1F0359172C89EFCD0054DEA9 /* Store.swift */ = {isa = PBXFileReference; lastKnownFileType = sourcecode.swift; path = Store.swift; sourceTree = "<group>"; };
		1F0359192C89EFE70054DEA9 /* LoginViewAction.swift */ = {isa = PBXFileReference; lastKnownFileType = sourcecode.swift; path = LoginViewAction.swift; sourceTree = "<group>"; };
		1F03591B2C89EFFD0054DEA9 /* LoginViewState.swift */ = {isa = PBXFileReference; lastKnownFileType = sourcecode.swift; path = LoginViewState.swift; sourceTree = "<group>"; };
		1F03591D2C89F07D0054DEA9 /* LoginViewEvent.swift */ = {isa = PBXFileReference; lastKnownFileType = sourcecode.swift; path = LoginViewEvent.swift; sourceTree = "<group>"; };
		1F0359202C89F2130054DEA9 /* UIViewController+Ext.swift */ = {isa = PBXFileReference; lastKnownFileType = sourcecode.swift; path = "UIViewController+Ext.swift"; sourceTree = "<group>"; };
		1F0359242C89F35C0054DEA9 /* LoginButton.swift */ = {isa = PBXFileReference; lastKnownFileType = sourcecode.swift; path = LoginButton.swift; sourceTree = "<group>"; };
		1F0359262C89F61F0054DEA9 /* Action.swift */ = {isa = PBXFileReference; lastKnownFileType = sourcecode.swift; path = Action.swift; sourceTree = "<group>"; };
		1F03592A2C89F78C0054DEA9 /* CustomTextField.swift */ = {isa = PBXFileReference; lastKnownFileType = sourcecode.swift; path = CustomTextField.swift; sourceTree = "<group>"; };
		1F03592C2C89F7B00054DEA9 /* CustomSecretTextField.swift */ = {isa = PBXFileReference; lastKnownFileType = sourcecode.swift; path = CustomSecretTextField.swift; sourceTree = "<group>"; };
		1F03592E2C89F7DD0054DEA9 /* CustomTextLabel.swift */ = {isa = PBXFileReference; lastKnownFileType = sourcecode.swift; path = CustomTextLabel.swift; sourceTree = "<group>"; };
		1F0359312C89F83D0054DEA9 /* FontSize.swift */ = {isa = PBXFileReference; lastKnownFileType = sourcecode.swift; path = FontSize.swift; sourceTree = "<group>"; };
		1F0359332C89F8640054DEA9 /* TextType.swift */ = {isa = PBXFileReference; lastKnownFileType = sourcecode.swift; path = TextType.swift; sourceTree = "<group>"; };
		1F0359362C89F8CF0054DEA9 /* Font+Appfonts.swift */ = {isa = PBXFileReference; lastKnownFileType = sourcecode.swift; path = "Font+Appfonts.swift"; sourceTree = "<group>"; };
		1F0359382C89F8EF0054DEA9 /* FontType.swift */ = {isa = PBXFileReference; lastKnownFileType = sourcecode.swift; path = FontType.swift; sourceTree = "<group>"; };
		1F03593D2C89F9980054DEA9 /* TextTypeModifier.swift */ = {isa = PBXFileReference; lastKnownFileType = sourcecode.swift; path = TextTypeModifier.swift; sourceTree = "<group>"; };
		1F03593F2C89FF800054DEA9 /* ShantellSans-Regular.ttf */ = {isa = PBXFileReference; lastKnownFileType = file; path = "ShantellSans-Regular.ttf"; sourceTree = "<group>"; };
		1F0359402C89FF800054DEA9 /* ShantellSans-Bold.ttf */ = {isa = PBXFileReference; lastKnownFileType = file; path = "ShantellSans-Bold.ttf"; sourceTree = "<group>"; };
		1F0359412C89FF800054DEA9 /* ShantellSans-MediumItalic.ttf */ = {isa = PBXFileReference; lastKnownFileType = file; path = "ShantellSans-MediumItalic.ttf"; sourceTree = "<group>"; };
		1F0359422C8A00150054DEA9 /* Info.plist */ = {isa = PBXFileReference; lastKnownFileType = text.plist; path = Info.plist; sourceTree = "<group>"; };
		1F0359462C8A021B0054DEA9 /* ProjectView.swift */ = {isa = PBXFileReference; lastKnownFileType = sourcecode.swift; path = ProjectView.swift; sourceTree = "<group>"; };
		1F2120EA2C95B1850050B857 /* FirebaseAuthManager.swift */ = {isa = PBXFileReference; lastKnownFileType = sourcecode.swift; path = FirebaseAuthManager.swift; sourceTree = "<group>"; };
		1F2120EC2C95B1BD0050B857 /* FirebaseAuthManaging.swift */ = {isa = PBXFileReference; lastKnownFileType = sourcecode.swift; path = FirebaseAuthManaging.swift; sourceTree = "<group>"; };
		1F2120EF2C95B1E20050B857 /* Credentials.swift */ = {isa = PBXFileReference; lastKnownFileType = sourcecode.swift; path = Credentials.swift; sourceTree = "<group>"; };
		1F2120F22C95B20F0050B857 /* KeychainServicing.swift */ = {isa = PBXFileReference; lastKnownFileType = sourcecode.swift; path = KeychainServicing.swift; sourceTree = "<group>"; };
		1F2120F42C95B2490050B857 /* KeychainService.swift */ = {isa = PBXFileReference; lastKnownFileType = sourcecode.swift; path = KeychainService.swift; sourceTree = "<group>"; };
		1F2120F72C95B2720050B857 /* KeychainManager.swift */ = {isa = PBXFileReference; lastKnownFileType = sourcecode.swift; path = KeychainManager.swift; sourceTree = "<group>"; };
		1F2120F92C95B28A0050B857 /* KeychainManaging.swift */ = {isa = PBXFileReference; lastKnownFileType = sourcecode.swift; path = KeychainManaging.swift; sourceTree = "<group>"; };
		1F2120FB2C95B29B0050B857 /* KeychainManagerError.swift */ = {isa = PBXFileReference; lastKnownFileType = sourcecode.swift; path = KeychainManagerError.swift; sourceTree = "<group>"; };
		1F2C337D2C96D45600FE0C02 /* Project.swift */ = {isa = PBXFileReference; lastKnownFileType = sourcecode.swift; path = Project.swift; sourceTree = "<group>"; };
		1F2C337F2C96D92A00FE0C02 /* ProjectCreationView.swift */ = {isa = PBXFileReference; lastKnownFileType = sourcecode.swift; path = ProjectCreationView.swift; sourceTree = "<group>"; };
		1F3529002CD13D7000BE11A8 /* AccessLevel.swift */ = {isa = PBXFileReference; lastKnownFileType = sourcecode.swift; path = AccessLevel.swift; sourceTree = "<group>"; };
		1F6F60AC2CA6DE330046A869 /* StandViewEvent.swift */ = {isa = PBXFileReference; lastKnownFileType = sourcecode.swift; path = StandViewEvent.swift; sourceTree = "<group>"; };
		1F7246012CA528EC00D931CB /* LocalDataManager.swift */ = {isa = PBXFileReference; lastKnownFileType = sourcecode.swift; path = LocalDataManager.swift; sourceTree = "<group>"; };
		1F7246032CA52B6F00D931CB /* Tree.swift */ = {isa = PBXFileReference; lastKnownFileType = sourcecode.swift; path = Tree.swift; sourceTree = "<group>"; };
		1F7246052CA52BA400D931CB /* Measurement.swift */ = {isa = PBXFileReference; lastKnownFileType = sourcecode.swift; path = Measurement.swift; sourceTree = "<group>"; };
		1F7246082CA52D8200D931CB /* iForestDataModel.xcdatamodel */ = {isa = PBXFileReference; lastKnownFileType = wrapper.xcdatamodel; path = iForestDataModel.xcdatamodel; sourceTree = "<group>"; };
		1F72460A2CA52EB700D931CB /* CoreDataStack.swift */ = {isa = PBXFileReference; lastKnownFileType = sourcecode.swift; path = CoreDataStack.swift; sourceTree = "<group>"; };
		1F8163B22CCEA6C400E721CD /* OnboardingNavigationCoordinator.swift */ = {isa = PBXFileReference; lastKnownFileType = sourcecode.swift; path = OnboardingNavigationCoordinator.swift; sourceTree = "<group>"; };
		1F8163B42CCEA6E600E721CD /* OnboardingNavigationCoordinatorEvent.swift */ = {isa = PBXFileReference; lastKnownFileType = sourcecode.swift; path = OnboardingNavigationCoordinatorEvent.swift; sourceTree = "<group>"; };
		1F8163B62CCEA71200E721CD /* OnboardingView.swift */ = {isa = PBXFileReference; lastKnownFileType = sourcecode.swift; path = OnboardingView.swift; sourceTree = "<group>"; };
		1F8163B82CCEA73600E721CD /* OnboardingNextView.swift */ = {isa = PBXFileReference; lastKnownFileType = sourcecode.swift; path = OnboardingNextView.swift; sourceTree = "<group>"; };
		1F8163BA2CCEA74E00E721CD /* OnboardingLastView.swift */ = {isa = PBXFileReference; lastKnownFileType = sourcecode.swift; path = OnboardingLastView.swift; sourceTree = "<group>"; };
		1F8163BC2CCEA76D00E721CD /* OnboardingViewEvent.swift */ = {isa = PBXFileReference; lastKnownFileType = sourcecode.swift; path = OnboardingViewEvent.swift; sourceTree = "<group>"; };
		1F8163BE2CCEA7C500E721CD /* EventEmittingView.swift */ = {isa = PBXFileReference; lastKnownFileType = sourcecode.swift; path = EventEmittingView.swift; sourceTree = "<group>"; };
		1F8163C12CCEA88300E721CD /* OnboardingButtonStyle.swift */ = {isa = PBXFileReference; lastKnownFileType = sourcecode.swift; path = OnboardingButtonStyle.swift; sourceTree = "<group>"; };
		1F8B6F042CA6ECC500B21B0D /* StandCreationView.swift */ = {isa = PBXFileReference; lastKnownFileType = sourcecode.swift; path = StandCreationView.swift; sourceTree = "<group>"; };
		1FAF32A02C88A69F009FCEA3 /* iForest.app */ = {isa = PBXFileReference; explicitFileType = wrapper.application; includeInIndex = 0; path = iForest.app; sourceTree = BUILT_PRODUCTS_DIR; };
		1FAF32A32C88A69F009FCEA3 /* iForestApp.swift */ = {isa = PBXFileReference; lastKnownFileType = sourcecode.swift; path = iForestApp.swift; sourceTree = "<group>"; };
		1FAF32A72C88A6A0009FCEA3 /* Assets.xcassets */ = {isa = PBXFileReference; lastKnownFileType = folder.assetcatalog; path = Assets.xcassets; sourceTree = "<group>"; };
		1FAF32AA2C88A6A0009FCEA3 /* Preview Assets.xcassets */ = {isa = PBXFileReference; lastKnownFileType = folder.assetcatalog; path = "Preview Assets.xcassets"; sourceTree = "<group>"; };
		1FBAAD2B2C8B3EE50008DB60 /* ProjectNavigationCoordinator.swift */ = {isa = PBXFileReference; lastKnownFileType = sourcecode.swift; path = ProjectNavigationCoordinator.swift; sourceTree = "<group>"; };
		1FBAAD2D2C8B47330008DB60 /* ProjectNavigationCoordinatorEvent.swift */ = {isa = PBXFileReference; lastKnownFileType = sourcecode.swift; path = ProjectNavigationCoordinatorEvent.swift; sourceTree = "<group>"; };
		1FBAAD2F2C8B50440008DB60 /* ProjectViewEvent.swift */ = {isa = PBXFileReference; lastKnownFileType = sourcecode.swift; path = ProjectViewEvent.swift; sourceTree = "<group>"; };
		1FBAAD322C8B50AE0008DB60 /* ProjectViewStore.swift */ = {isa = PBXFileReference; lastKnownFileType = sourcecode.swift; path = ProjectViewStore.swift; sourceTree = "<group>"; };
		1FBAAD342C8B50C90008DB60 /* ProjectViewAction.swift */ = {isa = PBXFileReference; lastKnownFileType = sourcecode.swift; path = ProjectViewAction.swift; sourceTree = "<group>"; };
		1FBAAD362C8B50D80008DB60 /* ProjectViewState.swift */ = {isa = PBXFileReference; lastKnownFileType = sourcecode.swift; path = ProjectViewState.swift; sourceTree = "<group>"; };
		1FC2D1F42C97F6C600C157E8 /* GoogleService-Info.plist */ = {isa = PBXFileReference; fileEncoding = 4; lastKnownFileType = text.plist.xml; path = "GoogleService-Info.plist"; sourceTree = "<group>"; };
		1FC7D2D02C88ACBC000E6922 /* LoginView.swift */ = {isa = PBXFileReference; lastKnownFileType = sourcecode.swift; path = LoginView.swift; sourceTree = "<group>"; };
		1FC7D2D62C88B5E4000E6922 /* AppCoordinator.swift */ = {isa = PBXFileReference; lastKnownFileType = sourcecode.swift; path = AppCoordinator.swift; sourceTree = "<group>"; };
		1FD091AC2C96F8FD00E9A1D1 /* FirestoreManager.swift */ = {isa = PBXFileReference; lastKnownFileType = sourcecode.swift; path = FirestoreManager.swift; sourceTree = "<group>"; };
		1FD091AE2C96F91600E9A1D1 /* DataManaging.swift */ = {isa = PBXFileReference; lastKnownFileType = sourcecode.swift; path = DataManaging.swift; sourceTree = "<group>"; };
		1FD091B02C9722E700E9A1D1 /* Stand.swift */ = {isa = PBXFileReference; lastKnownFileType = sourcecode.swift; path = Stand.swift; sourceTree = "<group>"; };
		1FD091B22C97239800E9A1D1 /* StandViewStore.swift */ = {isa = PBXFileReference; lastKnownFileType = sourcecode.swift; path = StandViewStore.swift; sourceTree = "<group>"; };
		1FD091B42C97242A00E9A1D1 /* StandView.swift */ = {isa = PBXFileReference; lastKnownFileType = sourcecode.swift; path = StandView.swift; sourceTree = "<group>"; };
		1FD091B62C97645600E9A1D1 /* StandsViewAction.swift */ = {isa = PBXFileReference; lastKnownFileType = sourcecode.swift; path = StandsViewAction.swift; sourceTree = "<group>"; };
		1FD091B82C97648C00E9A1D1 /* StandsViewState.swift */ = {isa = PBXFileReference; lastKnownFileType = sourcecode.swift; path = StandsViewState.swift; sourceTree = "<group>"; };
		1FD20EC02CA84E2C002BCF1A /* TreeView.swift */ = {isa = PBXFileReference; lastKnownFileType = sourcecode.swift; path = TreeView.swift; sourceTree = "<group>"; };
		1FD20EC22CA84E64002BCF1A /* TreeCreationView.swift */ = {isa = PBXFileReference; lastKnownFileType = sourcecode.swift; path = TreeCreationView.swift; sourceTree = "<group>"; };
		1FD20EC42CA84EFE002BCF1A /* TreeViewEvent.swift */ = {isa = PBXFileReference; lastKnownFileType = sourcecode.swift; path = TreeViewEvent.swift; sourceTree = "<group>"; };
		1FD20EC62CA84F52002BCF1A /* TreeViewStore.swift */ = {isa = PBXFileReference; lastKnownFileType = sourcecode.swift; path = TreeViewStore.swift; sourceTree = "<group>"; };
		1FD20EC82CA84F85002BCF1A /* TreeViewAction.swift */ = {isa = PBXFileReference; lastKnownFileType = sourcecode.swift; path = TreeViewAction.swift; sourceTree = "<group>"; };
		1FD20ECA2CA84F9B002BCF1A /* TreeViewState.swift */ = {isa = PBXFileReference; lastKnownFileType = sourcecode.swift; path = TreeViewState.swift; sourceTree = "<group>"; };
		1FE751812CAAB395002D9383 /* PhotoCaptureCoordinator.swift */ = {isa = PBXFileReference; lastKnownFileType = sourcecode.swift; path = PhotoCaptureCoordinator.swift; sourceTree = "<group>"; };
		1FE751832CAAB3CC002D9383 /* PhotoViewStore.swift */ = {isa = PBXFileReference; lastKnownFileType = sourcecode.swift; path = PhotoViewStore.swift; sourceTree = "<group>"; };
		1FE751852CAAB6BB002D9383 /* PhotoViewAction.swift */ = {isa = PBXFileReference; lastKnownFileType = sourcecode.swift; path = PhotoViewAction.swift; sourceTree = "<group>"; };
		1FE751872CAAB6C8002D9383 /* PhotoCaptureEvent.swift */ = {isa = PBXFileReference; lastKnownFileType = sourcecode.swift; path = PhotoCaptureEvent.swift; sourceTree = "<group>"; };
		1FE751892CAAB71B002D9383 /* PhotoCaptureView.swift */ = {isa = PBXFileReference; lastKnownFileType = sourcecode.swift; path = PhotoCaptureView.swift; sourceTree = "<group>"; };
		1FE7518B2CAAB80B002D9383 /* PhotoCaptureViewEvent.swift */ = {isa = PBXFileReference; lastKnownFileType = sourcecode.swift; path = PhotoCaptureViewEvent.swift; sourceTree = "<group>"; };
		1FE7518D2CAAB84E002D9383 /* PhotoCaptureCoordinatorEvent.swift */ = {isa = PBXFileReference; lastKnownFileType = sourcecode.swift; path = PhotoCaptureCoordinatorEvent.swift; sourceTree = "<group>"; };
		1FE751902CAAB8AC002D9383 /* ImagePicker.swift */ = {isa = PBXFileReference; lastKnownFileType = sourcecode.swift; path = ImagePicker.swift; sourceTree = "<group>"; };
/* End PBXFileReference section */

/* Begin PBXFrameworksBuildPhase section */
		1FAF329D2C88A69F009FCEA3 /* Frameworks */ = {
			isa = PBXFrameworksBuildPhase;
			buildActionMask = 2147483647;
			files = (
				1FB8F5DB2C8CA21D001405E3 /* FirebaseAuth in Frameworks */,
				1FB8F5DD2C8CA21D001405E3 /* FirebaseFirestore in Frameworks */,
				1F2120FF2C95B2EB0050B857 /* KeychainAccess in Frameworks */,
			);
			runOnlyForDeploymentPostprocessing = 0;
		};
/* End PBXFrameworksBuildPhase section */

/* Begin PBXGroup section */
		1F0358F02C8986F10054DEA9 /* Common */ = {
			isa = PBXGroup;
			children = (
				1F01B6032C97F67A002201E3 /* GoogleService-Info.plist */,
				1F03591F2C89F2080054DEA9 /* Extensions */,
				1F2120F62C95B2610050B857 /* Managers */,
				1F2C337C2C96D44F00FE0C02 /* Models */,
				1F0358F12C8986F90054DEA9 /* Navigation */,
				1F0359102C89D44D0054DEA9 /* Protocols */,
				1F2120F12C95B2060050B857 /* Services */,
				1F0358F62C8987890054DEA9 /* Types */,
			);
			path = Common;
			sourceTree = "<group>";
		};
		1F0358F12C8986F90054DEA9 /* Navigation */ = {
			isa = PBXGroup;
			children = (
				1F0358F22C8987140054DEA9 /* Coordinator.swift */,
				1F0358F42C8987420054DEA9 /* DeeplinkHandling.swift */,
				1F0358FB2C89885B0054DEA9 /* ViewControllerCoordinator.swift */,
				1F0359132C89D4CA0054DEA9 /* NavigationControllerCoordinator.swift */,
			);
			path = Navigation;
			sourceTree = "<group>";
		};
		1F0358F62C8987890054DEA9 /* Types */ = {
			isa = PBXGroup;
			children = (
				1F0358F72C8987940054DEA9 /* Deeplink.swift */,
				1F0358FD2C8988860054DEA9 /* CustomError.swift */,
				1F0359022C898BE60054DEA9 /* CoordinatorView.swift */,
				1F0359262C89F61F0054DEA9 /* Action.swift */,
			);
			path = Types;
			sourceTree = "<group>";
		};
		1F0358F92C8987F90054DEA9 /* App */ = {
			isa = PBXGroup;
			children = (
				1FAF32A32C88A69F009FCEA3 /* iForestApp.swift */,
				1F03593A2C89F9150054DEA9 /* Resources */,
				1F0358FA2C8988090054DEA9 /* Navigation */,
			);
			path = App;
			sourceTree = "<group>";
		};
		1F0358FA2C8988090054DEA9 /* Navigation */ = {
			isa = PBXGroup;
			children = (
				1FC7D2D62C88B5E4000E6922 /* AppCoordinator.swift */,
			);
			path = Navigation;
			sourceTree = "<group>";
		};
		1F0358FF2C898ADC0054DEA9 /* Scenes */ = {
			isa = PBXGroup;
			children = (
				1F8163B02CCEA68F00E721CD /* Onboarding */,
				1F0359002C898AE40054DEA9 /* Login */,
				1FE7517D2CAAB347002D9383 /* PhotoCapture */,
				1F0359432C8A01C90054DEA9 /* Project */,
			);
			path = Scenes;
			sourceTree = "<group>";
		};
		1F0359002C898AE40054DEA9 /* Login */ = {
			isa = PBXGroup;
			children = (
				1F0359052C89A1B00054DEA9 /* Navigation */,
				1F0359042C89A1AA0054DEA9 /* Store */,
				1F0359012C898AEA0054DEA9 /* View */,
			);
			path = Login;
			sourceTree = "<group>";
		};
		1F0359012C898AEA0054DEA9 /* View */ = {
			isa = PBXGroup;
			children = (
				1FC7D2D02C88ACBC000E6922 /* LoginView.swift */,
				1F03591D2C89F07D0054DEA9 /* LoginViewEvent.swift */,
			);
			path = View;
			sourceTree = "<group>";
		};
		1F0359042C89A1AA0054DEA9 /* Store */ = {
			isa = PBXGroup;
			children = (
				1F0359152C89EE130054DEA9 /* LoginViewStore.swift */,
				1F0359192C89EFE70054DEA9 /* LoginViewAction.swift */,
				1F03591B2C89EFFD0054DEA9 /* LoginViewState.swift */,
			);
			path = Store;
			sourceTree = "<group>";
		};
		1F0359052C89A1B00054DEA9 /* Navigation */ = {
			isa = PBXGroup;
			children = (
				1F0359082C89A1E20054DEA9 /* LoginNavigationCoordinator.swift */,
				1F0359062C89A1C80054DEA9 /* LoginNavigationCoordinatorEvent.swift */,
			);
			path = Navigation;
			sourceTree = "<group>";
		};
		1F03590A2C89D3B50054DEA9 /* SharedUI */ = {
			isa = PBXGroup;
			children = (
				1F8163C02CCEA87B00E721CD /* Styles */,
				1F03593C2C89F9910054DEA9 /* ViewModifiers */,
				1F0359352C89F8C50054DEA9 /* Extensions */,
				1F0359302C89F81B0054DEA9 /* Design System */,
				1F03590B2C89D3BE0054DEA9 /* Views */,
			);
			path = SharedUI;
			sourceTree = "<group>";
		};
		1F03590B2C89D3BE0054DEA9 /* Views */ = {
			isa = PBXGroup;
			children = (
				1FE7518F2CAAB897002D9383 /* UIKit */,
				1F0359222C89F3430054DEA9 /* SwiftUI */,
				1F03590C2C89D3C80054DEA9 /* CustomNavigationController.swift */,
				1F03590E2C89D3EE0054DEA9 /* CustomNavigationControllerEvent.swift */,
			);
			path = Views;
			sourceTree = "<group>";
		};
		1F0359102C89D44D0054DEA9 /* Protocols */ = {
			isa = PBXGroup;
			children = (
				1F0359112C89D4540054DEA9 /* EventEmitting.swift */,
				1F0359172C89EFCD0054DEA9 /* Store.swift */,
				1F8163BE2CCEA7C500E721CD /* EventEmittingView.swift */,
			);
			path = Protocols;
			sourceTree = "<group>";
		};
		1F03591F2C89F2080054DEA9 /* Extensions */ = {
			isa = PBXGroup;
			children = (
				1F0359202C89F2130054DEA9 /* UIViewController+Ext.swift */,
			);
			path = Extensions;
			sourceTree = "<group>";
		};
		1F0359222C89F3430054DEA9 /* SwiftUI */ = {
			isa = PBXGroup;
			children = (
				1F0359292C89F77A0054DEA9 /* TextFields */,
				1F0359282C89F6670054DEA9 /* Labels */,
				1F0359232C89F34C0054DEA9 /* Buttons */,
			);
			path = SwiftUI;
			sourceTree = "<group>";
		};
		1F0359232C89F34C0054DEA9 /* Buttons */ = {
			isa = PBXGroup;
			children = (
				1F0359242C89F35C0054DEA9 /* LoginButton.swift */,
			);
			path = Buttons;
			sourceTree = "<group>";
		};
		1F0359282C89F6670054DEA9 /* Labels */ = {
			isa = PBXGroup;
			children = (
				1F03592E2C89F7DD0054DEA9 /* CustomTextLabel.swift */,
			);
			path = Labels;
			sourceTree = "<group>";
		};
		1F0359292C89F77A0054DEA9 /* TextFields */ = {
			isa = PBXGroup;
			children = (
				1F03592A2C89F78C0054DEA9 /* CustomTextField.swift */,
				1F03592C2C89F7B00054DEA9 /* CustomSecretTextField.swift */,
			);
			path = TextFields;
			sourceTree = "<group>";
		};
		1F0359302C89F81B0054DEA9 /* Design System */ = {
			isa = PBXGroup;
			children = (
				1F0359312C89F83D0054DEA9 /* FontSize.swift */,
				1F0359332C89F8640054DEA9 /* TextType.swift */,
				1F0359382C89F8EF0054DEA9 /* FontType.swift */,
			);
			path = "Design System";
			sourceTree = "<group>";
		};
		1F0359352C89F8C50054DEA9 /* Extensions */ = {
			isa = PBXGroup;
			children = (
				1F0359362C89F8CF0054DEA9 /* Font+Appfonts.swift */,
			);
			path = Extensions;
			sourceTree = "<group>";
		};
		1F03593A2C89F9150054DEA9 /* Resources */ = {
			isa = PBXGroup;
			children = (
				1FAF32A72C88A6A0009FCEA3 /* Assets.xcassets */,
				1F03593B2C89F91B0054DEA9 /* Font */,
			);
			path = Resources;
			sourceTree = "<group>";
		};
		1F03593B2C89F91B0054DEA9 /* Font */ = {
			isa = PBXGroup;
			children = (
				1F0359402C89FF800054DEA9 /* ShantellSans-Bold.ttf */,
				1F0359412C89FF800054DEA9 /* ShantellSans-MediumItalic.ttf */,
				1F03593F2C89FF800054DEA9 /* ShantellSans-Regular.ttf */,
			);
			path = Font;
			sourceTree = "<group>";
		};
		1F03593C2C89F9910054DEA9 /* ViewModifiers */ = {
			isa = PBXGroup;
			children = (
				1F03593D2C89F9980054DEA9 /* TextTypeModifier.swift */,
			);
			path = ViewModifiers;
			sourceTree = "<group>";
		};
		1F0359432C8A01C90054DEA9 /* Project */ = {
			isa = PBXGroup;
			children = (
				1F0359442C8A02020054DEA9 /* Navigation */,
				1FBAAD312C8B509D0008DB60 /* Store */,
				1F0359452C8A020C0054DEA9 /* View */,
			);
			path = Project;
			sourceTree = "<group>";
		};
		1F0359442C8A02020054DEA9 /* Navigation */ = {
			isa = PBXGroup;
			children = (
				1FBAAD2B2C8B3EE50008DB60 /* ProjectNavigationCoordinator.swift */,
				1FBAAD2D2C8B47330008DB60 /* ProjectNavigationCoordinatorEvent.swift */,
			);
			path = Navigation;
			sourceTree = "<group>";
		};
		1F0359452C8A020C0054DEA9 /* View */ = {
			isa = PBXGroup;
			children = (
				1F2C337F2C96D92A00FE0C02 /* ProjectCreationView.swift */,
				1F0359462C8A021B0054DEA9 /* ProjectView.swift */,
				1FBAAD2F2C8B50440008DB60 /* ProjectViewEvent.swift */,
				1F8B6F042CA6ECC500B21B0D /* StandCreationView.swift */,
				1FD091B42C97242A00E9A1D1 /* StandView.swift */,
				1F6F60AC2CA6DE330046A869 /* StandViewEvent.swift */,
				1FD20EC22CA84E64002BCF1A /* TreeCreationView.swift */,
				1FD20EC02CA84E2C002BCF1A /* TreeView.swift */,
				1FD20EC42CA84EFE002BCF1A /* TreeViewEvent.swift */,
			);
			path = View;
			sourceTree = "<group>";
		};
		1F2120E82C95B1600050B857 /* Networking */ = {
			isa = PBXGroup;
			children = (
				1F2120E92C95B1690050B857 /* Authentication */,
				1FD091AB2C96F8E200E9A1D1 /* Managers */,
				1F2120EE2C95B1D90050B857 /* Models */,
			);
			path = Networking;
			sourceTree = "<group>";
		};
		1F2120E92C95B1690050B857 /* Authentication */ = {
			isa = PBXGroup;
			children = (
				1F2120EA2C95B1850050B857 /* FirebaseAuthManager.swift */,
				1F2120EC2C95B1BD0050B857 /* FirebaseAuthManaging.swift */,
			);
			path = Authentication;
			sourceTree = "<group>";
		};
		1F2120EE2C95B1D90050B857 /* Models */ = {
			isa = PBXGroup;
			children = (
				1F2120EF2C95B1E20050B857 /* Credentials.swift */,
			);
			path = Models;
			sourceTree = "<group>";
		};
		1F2120F12C95B2060050B857 /* Services */ = {
			isa = PBXGroup;
			children = (
				1F2120F22C95B20F0050B857 /* KeychainServicing.swift */,
				1F2120F42C95B2490050B857 /* KeychainService.swift */,
			);
			path = Services;
			sourceTree = "<group>";
		};
		1F2120F62C95B2610050B857 /* Managers */ = {
			isa = PBXGroup;
			children = (
				1F2120F72C95B2720050B857 /* KeychainManager.swift */,
				1F2120F92C95B28A0050B857 /* KeychainManaging.swift */,
				1F2120FB2C95B29B0050B857 /* KeychainManagerError.swift */,
				1F72460A2CA52EB700D931CB /* CoreDataStack.swift */,
			);
			path = Managers;
			sourceTree = "<group>";
		};
		1F2C337C2C96D44F00FE0C02 /* Models */ = {
			isa = PBXGroup;
			children = (
				1F2C337D2C96D45600FE0C02 /* Project.swift */,
				1FD091B02C9722E700E9A1D1 /* Stand.swift */,
				1F7246032CA52B6F00D931CB /* Tree.swift */,
				1F7246052CA52BA400D931CB /* Measurement.swift */,
				1F7246072CA52D8200D931CB /* iForestDataModel.xcdatamodeld */,
				1F3529002CD13D7000BE11A8 /* AccessLevel.swift */,
			);
			path = Models;
			sourceTree = "<group>";
		};
		1F8163B02CCEA68F00E721CD /* Onboarding */ = {
			isa = PBXGroup;
			children = (
				1F8163B12CCEA69C00E721CD /* Navigation */,
				1F8163B62CCEA71200E721CD /* OnboardingView.swift */,
				1F8163B82CCEA73600E721CD /* OnboardingNextView.swift */,
				1F8163BA2CCEA74E00E721CD /* OnboardingLastView.swift */,
				1F8163BC2CCEA76D00E721CD /* OnboardingViewEvent.swift */,
			);
			path = Onboarding;
			sourceTree = "<group>";
		};
		1F8163B12CCEA69C00E721CD /* Navigation */ = {
			isa = PBXGroup;
			children = (
				1F8163B22CCEA6C400E721CD /* OnboardingNavigationCoordinator.swift */,
				1F8163B42CCEA6E600E721CD /* OnboardingNavigationCoordinatorEvent.swift */,
			);
			path = Navigation;
			sourceTree = "<group>";
		};
		1F8163C02CCEA87B00E721CD /* Styles */ = {
			isa = PBXGroup;
			children = (
				1F8163C12CCEA88300E721CD /* OnboardingButtonStyle.swift */,
			);
			path = Styles;
			sourceTree = "<group>";
		};
		1FAF32972C88A69F009FCEA3 = {
			isa = PBXGroup;
			children = (
				1FAF32A22C88A69F009FCEA3 /* iForest */,
				1FAF32A12C88A69F009FCEA3 /* Products */,
			);
			sourceTree = "<group>";
		};
		1FAF32A12C88A69F009FCEA3 /* Products */ = {
			isa = PBXGroup;
			children = (
				1FAF32A02C88A69F009FCEA3 /* iForest.app */,
			);
			name = Products;
			sourceTree = "<group>";
		};
		1FAF32A22C88A69F009FCEA3 /* iForest */ = {
			isa = PBXGroup;
			children = (
				1FC2D1F42C97F6C600C157E8 /* GoogleService-Info.plist */,
				1F0358F92C8987F90054DEA9 /* App */,
				1F0358F02C8986F10054DEA9 /* Common */,
				1F0359422C8A00150054DEA9 /* Info.plist */,
				1F2120E82C95B1600050B857 /* Networking */,
				1FAF32A92C88A6A0009FCEA3 /* Preview Content */,
				1F0358FF2C898ADC0054DEA9 /* Scenes */,
				1F03590A2C89D3B50054DEA9 /* SharedUI */,
			);
			path = iForest;
			sourceTree = "<group>";
		};
		1FAF32A92C88A6A0009FCEA3 /* Preview Content */ = {
			isa = PBXGroup;
			children = (
				1FAF32AA2C88A6A0009FCEA3 /* Preview Assets.xcassets */,
			);
			path = "Preview Content";
			sourceTree = "<group>";
		};
		1FBAAD312C8B509D0008DB60 /* Store */ = {
			isa = PBXGroup;
			children = (
				1FBAAD342C8B50C90008DB60 /* ProjectViewAction.swift */,
				1FBAAD362C8B50D80008DB60 /* ProjectViewState.swift */,
				1FBAAD322C8B50AE0008DB60 /* ProjectViewStore.swift */,
				1FD091B62C97645600E9A1D1 /* StandsViewAction.swift */,
				1FD091B82C97648C00E9A1D1 /* StandsViewState.swift */,
				1FD091B22C97239800E9A1D1 /* StandViewStore.swift */,
				1FD20EC82CA84F85002BCF1A /* TreeViewAction.swift */,
				1FD20ECA2CA84F9B002BCF1A /* TreeViewState.swift */,
				1FD20EC62CA84F52002BCF1A /* TreeViewStore.swift */,
			);
			path = Store;
			sourceTree = "<group>";
		};
		1FD091AB2C96F8E200E9A1D1 /* Managers */ = {
			isa = PBXGroup;
			children = (
				1FD091AC2C96F8FD00E9A1D1 /* FirestoreManager.swift */,
				1FD091AE2C96F91600E9A1D1 /* DataManaging.swift */,
				1F7246012CA528EC00D931CB /* LocalDataManager.swift */,
			);
			path = Managers;
			sourceTree = "<group>";
		};
		1FE7517D2CAAB347002D9383 /* PhotoCapture */ = {
			isa = PBXGroup;
			children = (
				1FE7517E2CAAB34E002D9383 /* Navigation */,
				1FE7517F2CAAB358002D9383 /* Store */,
				1FE751802CAAB360002D9383 /* View */,
			);
			path = PhotoCapture;
			sourceTree = "<group>";
		};
		1FE7517E2CAAB34E002D9383 /* Navigation */ = {
			isa = PBXGroup;
			children = (
				1FE751812CAAB395002D9383 /* PhotoCaptureCoordinator.swift */,
				1FE7518D2CAAB84E002D9383 /* PhotoCaptureCoordinatorEvent.swift */,
			);
			path = Navigation;
			sourceTree = "<group>";
		};
		1FE7517F2CAAB358002D9383 /* Store */ = {
			isa = PBXGroup;
			children = (
				1FE751832CAAB3CC002D9383 /* PhotoViewStore.swift */,
				1FE751872CAAB6C8002D9383 /* PhotoCaptureEvent.swift */,
				1FE751852CAAB6BB002D9383 /* PhotoViewAction.swift */,
			);
			path = Store;
			sourceTree = "<group>";
		};
		1FE751802CAAB360002D9383 /* View */ = {
			isa = PBXGroup;
			children = (
				1FE751892CAAB71B002D9383 /* PhotoCaptureView.swift */,
				1FE7518B2CAAB80B002D9383 /* PhotoCaptureViewEvent.swift */,
			);
			path = View;
			sourceTree = "<group>";
		};
		1FE7518F2CAAB897002D9383 /* UIKit */ = {
			isa = PBXGroup;
			children = (
				1FE751902CAAB8AC002D9383 /* ImagePicker.swift */,
			);
			path = UIKit;
			sourceTree = "<group>";
		};
/* End PBXGroup section */

/* Begin PBXNativeTarget section */
		1FAF329F2C88A69F009FCEA3 /* iForest */ = {
			isa = PBXNativeTarget;
			buildConfigurationList = 1FAF32AE2C88A6A0009FCEA3 /* Build configuration list for PBXNativeTarget "iForest" */;
			buildPhases = (
				1FAF329C2C88A69F009FCEA3 /* Sources */,
				1FAF329D2C88A69F009FCEA3 /* Frameworks */,
				1FAF329E2C88A69F009FCEA3 /* Resources */,
			);
			buildRules = (
			);
			dependencies = (
			);
			name = iForest;
			packageProductDependencies = (
				1FB8F5DA2C8CA21D001405E3 /* FirebaseAuth */,
				1FB8F5DC2C8CA21D001405E3 /* FirebaseFirestore */,
				1F2120FE2C95B2EB0050B857 /* KeychainAccess */,
			);
			productName = iForest;
			productReference = 1FAF32A02C88A69F009FCEA3 /* iForest.app */;
			productType = "com.apple.product-type.application";
		};
/* End PBXNativeTarget section */

/* Begin PBXProject section */
		1FAF32982C88A69F009FCEA3 /* Project object */ = {
			isa = PBXProject;
			attributes = {
				BuildIndependentTargetsInParallel = 1;
				LastSwiftUpdateCheck = 1540;
				LastUpgradeCheck = 1600;
				TargetAttributes = {
					1FAF329F2C88A69F009FCEA3 = {
						CreatedOnToolsVersion = 15.4;
					};
				};
			};
			buildConfigurationList = 1FAF329B2C88A69F009FCEA3 /* Build configuration list for PBXProject "iForest" */;
			compatibilityVersion = "Xcode 14.0";
			developmentRegion = en;
			hasScannedForEncodings = 0;
			knownRegions = (
				en,
				Base,
			);
			mainGroup = 1FAF32972C88A69F009FCEA3;
			packageReferences = (
				1FB8F5D92C8CA21D001405E3 /* XCRemoteSwiftPackageReference "firebase-ios-sdk" */,
				1F2120FD2C95B2EB0050B857 /* XCRemoteSwiftPackageReference "KeychainAccess" */,
			);
			productRefGroup = 1FAF32A12C88A69F009FCEA3 /* Products */;
			projectDirPath = "";
			projectRoot = "";
			targets = (
				1FAF329F2C88A69F009FCEA3 /* iForest */,
			);
		};
/* End PBXProject section */

/* Begin PBXResourcesBuildPhase section */
		1FAF329E2C88A69F009FCEA3 /* Resources */ = {
			isa = PBXResourcesBuildPhase;
			buildActionMask = 2147483647;
			files = (
				1FBAAD282C8B374C0008DB60 /* ShantellSans-Bold.ttf in Resources */,
				1FBAAD292C8B37500008DB60 /* ShantellSans-MediumItalic.ttf in Resources */,
				1FBAAD2A2C8B37530008DB60 /* ShantellSans-Regular.ttf in Resources */,
				1FAF32AB2C88A6A0009FCEA3 /* Preview Assets.xcassets in Resources */,
				1FAF32A82C88A6A0009FCEA3 /* Assets.xcassets in Resources */,
				1F01B6042C97F67A002201E3 /* GoogleService-Info.plist in Resources */,
			);
			runOnlyForDeploymentPostprocessing = 0;
		};
/* End PBXResourcesBuildPhase section */

/* Begin PBXSourcesBuildPhase section */
		1FAF329C2C88A69F009FCEA3 /* Sources */ = {
			isa = PBXSourcesBuildPhase;
			buildActionMask = 2147483647;
			files = (
				1F0359162C89EE130054DEA9 /* LoginViewStore.swift in Sources */,
				1F7246022CA528EC00D931CB /* LocalDataManager.swift in Sources */,
				1FD091AF2C96F91600E9A1D1 /* DataManaging.swift in Sources */,
				1F03590D2C89D3C80054DEA9 /* CustomNavigationController.swift in Sources */,
				1F03592F2C89F7DD0054DEA9 /* CustomTextLabel.swift in Sources */,
				1F0359212C89F2130054DEA9 /* UIViewController+Ext.swift in Sources */,
				1F2120F02C95B1E20050B857 /* Credentials.swift in Sources */,
				1FE7518A2CAAB71B002D9383 /* PhotoCaptureView.swift in Sources */,
				1FC7D2D72C88B5E4000E6922 /* AppCoordinator.swift in Sources */,
				1FD20EC72CA84F52002BCF1A /* TreeViewStore.swift in Sources */,
				1F8163B72CCEA71200E721CD /* OnboardingView.swift in Sources */,
				1F2120FC2C95B29B0050B857 /* KeychainManagerError.swift in Sources */,
				1FE751882CAAB6C8002D9383 /* PhotoCaptureEvent.swift in Sources */,
				1FD091B92C97648C00E9A1D1 /* StandsViewState.swift in Sources */,
				1F2C337E2C96D45600FE0C02 /* Project.swift in Sources */,
				1F6F60AD2CA6DE330046A869 /* StandViewEvent.swift in Sources */,
				1F8163B92CCEA73600E721CD /* OnboardingNextView.swift in Sources */,
				1FD091B32C97239800E9A1D1 /* StandViewStore.swift in Sources */,
				1F03591C2C89EFFD0054DEA9 /* LoginViewState.swift in Sources */,
				1F0359032C898BE60054DEA9 /* CoordinatorView.swift in Sources */,
				1F0358F52C8987420054DEA9 /* DeeplinkHandling.swift in Sources */,
				1F72460B2CA52EB700D931CB /* CoreDataStack.swift in Sources */,
				1F8163BF2CCEA7C500E721CD /* EventEmittingView.swift in Sources */,
				1FD20EC32CA84E64002BCF1A /* TreeCreationView.swift in Sources */,
				1F0359272C89F61F0054DEA9 /* Action.swift in Sources */,
				1F2120F52C95B2490050B857 /* KeychainService.swift in Sources */,
				1F0358F32C8987140054DEA9 /* Coordinator.swift in Sources */,
				1F0359122C89D4540054DEA9 /* EventEmitting.swift in Sources */,
				1F2120F32C95B20F0050B857 /* KeychainServicing.swift in Sources */,
				1F0359142C89D4CA0054DEA9 /* NavigationControllerCoordinator.swift in Sources */,
				1F8163BB2CCEA74E00E721CD /* OnboardingLastView.swift in Sources */,
				1F0358FC2C89885B0054DEA9 /* ViewControllerCoordinator.swift in Sources */,
				1F2120FA2C95B28A0050B857 /* KeychainManaging.swift in Sources */,
				1F0359252C89F35C0054DEA9 /* LoginButton.swift in Sources */,
				1F0359372C89F8CF0054DEA9 /* Font+Appfonts.swift in Sources */,
				1F0358FE2C8988860054DEA9 /* CustomError.swift in Sources */,
				1FD091AD2C96F8FD00E9A1D1 /* FirestoreManager.swift in Sources */,
				1F03592D2C89F7B00054DEA9 /* CustomSecretTextField.swift in Sources */,
				1F0359182C89EFCD0054DEA9 /* Store.swift in Sources */,
				1F2120ED2C95B1BD0050B857 /* FirebaseAuthManaging.swift in Sources */,
				1F0359392C89F8EF0054DEA9 /* FontType.swift in Sources */,
				1FD20EC12CA84E2C002BCF1A /* TreeView.swift in Sources */,
				1FBAAD2E2C8B47330008DB60 /* ProjectNavigationCoordinatorEvent.swift in Sources */,
				1FE751822CAAB395002D9383 /* PhotoCaptureCoordinator.swift in Sources */,
				1FD091B52C97242A00E9A1D1 /* StandView.swift in Sources */,
				1F8163BD2CCEA76D00E721CD /* OnboardingViewEvent.swift in Sources */,
				1F8163C22CCEA88300E721CD /* OnboardingButtonStyle.swift in Sources */,
				1FD091B12C9722E700E9A1D1 /* Stand.swift in Sources */,
				1F2C33802C96D92A00FE0C02 /* ProjectCreationView.swift in Sources */,
				1FBAAD332C8B50AE0008DB60 /* ProjectViewStore.swift in Sources */,
				1FBAAD302C8B50440008DB60 /* ProjectViewEvent.swift in Sources */,
				1F8163B32CCEA6C400E721CD /* OnboardingNavigationCoordinator.swift in Sources */,
				1FE751912CAAB8AC002D9383 /* ImagePicker.swift in Sources */,
				1FE7518C2CAAB80B002D9383 /* PhotoCaptureViewEvent.swift in Sources */,
				1F03590F2C89D3EE0054DEA9 /* CustomNavigationControllerEvent.swift in Sources */,
				1FBAAD352C8B50C90008DB60 /* ProjectViewAction.swift in Sources */,
				1F03591E2C89F07D0054DEA9 /* LoginViewEvent.swift in Sources */,
				1F03593E2C89F9980054DEA9 /* TextTypeModifier.swift in Sources */,
				1F8163B52CCEA6E600E721CD /* OnboardingNavigationCoordinatorEvent.swift in Sources */,
				1F0359322C89F83D0054DEA9 /* FontSize.swift in Sources */,
				1FE7518E2CAAB84E002D9383 /* PhotoCaptureCoordinatorEvent.swift in Sources */,
				1F0359342C89F8640054DEA9 /* TextType.swift in Sources */,
				1FD20EC92CA84F85002BCF1A /* TreeViewAction.swift in Sources */,
				1F3529012CD13D7000BE11A8 /* AccessLevel.swift in Sources */,
				1F03591A2C89EFE70054DEA9 /* LoginViewAction.swift in Sources */,
				1FBAAD2C2C8B3EE50008DB60 /* ProjectNavigationCoordinator.swift in Sources */,
				1FBAAD372C8B50D80008DB60 /* ProjectViewState.swift in Sources */,
				1FC7D2D12C88ACBC000E6922 /* LoginView.swift in Sources */,
				1F7246092CA52D8200D931CB /* iForestDataModel.xcdatamodeld in Sources */,
				1F0359072C89A1C80054DEA9 /* LoginNavigationCoordinatorEvent.swift in Sources */,
				1F7246042CA52B6F00D931CB /* Tree.swift in Sources */,
				1F03592B2C89F78C0054DEA9 /* CustomTextField.swift in Sources */,
				1FAF32A42C88A69F009FCEA3 /* iForestApp.swift in Sources */,
				1FD20ECB2CA84F9B002BCF1A /* TreeViewState.swift in Sources */,
				1F2120F82C95B2720050B857 /* KeychainManager.swift in Sources */,
				1F0358F82C8987940054DEA9 /* Deeplink.swift in Sources */,
				1F2120EB2C95B1850050B857 /* FirebaseAuthManager.swift in Sources */,
				1FD091B72C97645600E9A1D1 /* StandsViewAction.swift in Sources */,
				1FD20EC52CA84EFE002BCF1A /* TreeViewEvent.swift in Sources */,
				1F8B6F052CA6ECC500B21B0D /* StandCreationView.swift in Sources */,
				1F0359472C8A021B0054DEA9 /* ProjectView.swift in Sources */,
				1FE751862CAAB6BB002D9383 /* PhotoViewAction.swift in Sources */,
				1F7246062CA52BA400D931CB /* Measurement.swift in Sources */,
				1F0359092C89A1E20054DEA9 /* LoginNavigationCoordinator.swift in Sources */,
				1FE751842CAAB3CC002D9383 /* PhotoViewStore.swift in Sources */,
			);
			runOnlyForDeploymentPostprocessing = 0;
		};
/* End PBXSourcesBuildPhase section */

/* Begin XCBuildConfiguration section */
		1FAF32AC2C88A6A0009FCEA3 /* Debug */ = {
			isa = XCBuildConfiguration;
			buildSettings = {
				ALWAYS_SEARCH_USER_PATHS = NO;
				ASSETCATALOG_COMPILER_GENERATE_SWIFT_ASSET_SYMBOL_EXTENSIONS = YES;
				CLANG_ANALYZER_NONNULL = YES;
				CLANG_ANALYZER_NUMBER_OBJECT_CONVERSION = YES_AGGRESSIVE;
				CLANG_CXX_LANGUAGE_STANDARD = "gnu++20";
				CLANG_ENABLE_MODULES = YES;
				CLANG_ENABLE_OBJC_ARC = YES;
				CLANG_ENABLE_OBJC_WEAK = YES;
				CLANG_WARN_BLOCK_CAPTURE_AUTORELEASING = YES;
				CLANG_WARN_BOOL_CONVERSION = YES;
				CLANG_WARN_COMMA = YES;
				CLANG_WARN_CONSTANT_CONVERSION = YES;
				CLANG_WARN_DEPRECATED_OBJC_IMPLEMENTATIONS = YES;
				CLANG_WARN_DIRECT_OBJC_ISA_USAGE = YES_ERROR;
				CLANG_WARN_DOCUMENTATION_COMMENTS = YES;
				CLANG_WARN_EMPTY_BODY = YES;
				CLANG_WARN_ENUM_CONVERSION = YES;
				CLANG_WARN_INFINITE_RECURSION = YES;
				CLANG_WARN_INT_CONVERSION = YES;
				CLANG_WARN_NON_LITERAL_NULL_CONVERSION = YES;
				CLANG_WARN_OBJC_IMPLICIT_RETAIN_SELF = YES;
				CLANG_WARN_OBJC_LITERAL_CONVERSION = YES;
				CLANG_WARN_OBJC_ROOT_CLASS = YES_ERROR;
				CLANG_WARN_QUOTED_INCLUDE_IN_FRAMEWORK_HEADER = YES;
				CLANG_WARN_RANGE_LOOP_ANALYSIS = YES;
				CLANG_WARN_STRICT_PROTOTYPES = YES;
				CLANG_WARN_SUSPICIOUS_MOVE = YES;
				CLANG_WARN_UNGUARDED_AVAILABILITY = YES_AGGRESSIVE;
				CLANG_WARN_UNREACHABLE_CODE = YES;
				CLANG_WARN__DUPLICATE_METHOD_MATCH = YES;
				COPY_PHASE_STRIP = NO;
				DEBUG_INFORMATION_FORMAT = dwarf;
				ENABLE_STRICT_OBJC_MSGSEND = YES;
				ENABLE_TESTABILITY = YES;
				ENABLE_USER_SCRIPT_SANDBOXING = YES;
				GCC_C_LANGUAGE_STANDARD = gnu17;
				GCC_DYNAMIC_NO_PIC = NO;
				GCC_NO_COMMON_BLOCKS = YES;
				GCC_OPTIMIZATION_LEVEL = 0;
				GCC_PREPROCESSOR_DEFINITIONS = (
					"DEBUG=1",
					"$(inherited)",
				);
				GCC_WARN_64_TO_32_BIT_CONVERSION = YES;
				GCC_WARN_ABOUT_RETURN_TYPE = YES_ERROR;
				GCC_WARN_UNDECLARED_SELECTOR = YES;
				GCC_WARN_UNINITIALIZED_AUTOS = YES_AGGRESSIVE;
				GCC_WARN_UNUSED_FUNCTION = YES;
				GCC_WARN_UNUSED_VARIABLE = YES;
				IPHONEOS_DEPLOYMENT_TARGET = 17.5;
				LOCALIZATION_PREFERS_STRING_CATALOGS = YES;
				MTL_ENABLE_DEBUG_INFO = INCLUDE_SOURCE;
				MTL_FAST_MATH = YES;
				ONLY_ACTIVE_ARCH = YES;
				SDKROOT = iphoneos;
				SWIFT_ACTIVE_COMPILATION_CONDITIONS = "DEBUG $(inherited)";
				SWIFT_OPTIMIZATION_LEVEL = "-Onone";
			};
			name = Debug;
		};
		1FAF32AD2C88A6A0009FCEA3 /* Release */ = {
			isa = XCBuildConfiguration;
			buildSettings = {
				ALWAYS_SEARCH_USER_PATHS = NO;
				ASSETCATALOG_COMPILER_GENERATE_SWIFT_ASSET_SYMBOL_EXTENSIONS = YES;
				CLANG_ANALYZER_NONNULL = YES;
				CLANG_ANALYZER_NUMBER_OBJECT_CONVERSION = YES_AGGRESSIVE;
				CLANG_CXX_LANGUAGE_STANDARD = "gnu++20";
				CLANG_ENABLE_MODULES = YES;
				CLANG_ENABLE_OBJC_ARC = YES;
				CLANG_ENABLE_OBJC_WEAK = YES;
				CLANG_WARN_BLOCK_CAPTURE_AUTORELEASING = YES;
				CLANG_WARN_BOOL_CONVERSION = YES;
				CLANG_WARN_COMMA = YES;
				CLANG_WARN_CONSTANT_CONVERSION = YES;
				CLANG_WARN_DEPRECATED_OBJC_IMPLEMENTATIONS = YES;
				CLANG_WARN_DIRECT_OBJC_ISA_USAGE = YES_ERROR;
				CLANG_WARN_DOCUMENTATION_COMMENTS = YES;
				CLANG_WARN_EMPTY_BODY = YES;
				CLANG_WARN_ENUM_CONVERSION = YES;
				CLANG_WARN_INFINITE_RECURSION = YES;
				CLANG_WARN_INT_CONVERSION = YES;
				CLANG_WARN_NON_LITERAL_NULL_CONVERSION = YES;
				CLANG_WARN_OBJC_IMPLICIT_RETAIN_SELF = YES;
				CLANG_WARN_OBJC_LITERAL_CONVERSION = YES;
				CLANG_WARN_OBJC_ROOT_CLASS = YES_ERROR;
				CLANG_WARN_QUOTED_INCLUDE_IN_FRAMEWORK_HEADER = YES;
				CLANG_WARN_RANGE_LOOP_ANALYSIS = YES;
				CLANG_WARN_STRICT_PROTOTYPES = YES;
				CLANG_WARN_SUSPICIOUS_MOVE = YES;
				CLANG_WARN_UNGUARDED_AVAILABILITY = YES_AGGRESSIVE;
				CLANG_WARN_UNREACHABLE_CODE = YES;
				CLANG_WARN__DUPLICATE_METHOD_MATCH = YES;
				COPY_PHASE_STRIP = NO;
				DEBUG_INFORMATION_FORMAT = "dwarf-with-dsym";
				ENABLE_NS_ASSERTIONS = NO;
				ENABLE_STRICT_OBJC_MSGSEND = YES;
				ENABLE_USER_SCRIPT_SANDBOXING = YES;
				GCC_C_LANGUAGE_STANDARD = gnu17;
				GCC_NO_COMMON_BLOCKS = YES;
				GCC_WARN_64_TO_32_BIT_CONVERSION = YES;
				GCC_WARN_ABOUT_RETURN_TYPE = YES_ERROR;
				GCC_WARN_UNDECLARED_SELECTOR = YES;
				GCC_WARN_UNINITIALIZED_AUTOS = YES_AGGRESSIVE;
				GCC_WARN_UNUSED_FUNCTION = YES;
				GCC_WARN_UNUSED_VARIABLE = YES;
				IPHONEOS_DEPLOYMENT_TARGET = 17.5;
				LOCALIZATION_PREFERS_STRING_CATALOGS = YES;
				MTL_ENABLE_DEBUG_INFO = NO;
				MTL_FAST_MATH = YES;
				SDKROOT = iphoneos;
				SWIFT_COMPILATION_MODE = wholemodule;
				VALIDATE_PRODUCT = YES;
			};
			name = Release;
		};
		1FAF32AF2C88A6A0009FCEA3 /* Debug */ = {
			isa = XCBuildConfiguration;
			buildSettings = {
				ASSETCATALOG_COMPILER_APPICON_NAME = AppIcon;
				ASSETCATALOG_COMPILER_GLOBAL_ACCENT_COLOR_NAME = AccentColor;
				CODE_SIGN_STYLE = Automatic;
				CURRENT_PROJECT_VERSION = 1;
				DEVELOPMENT_ASSET_PATHS = "\"iForest/Preview Content\"";
				DEVELOPMENT_TEAM = P3K32DW2KW;
				ENABLE_PREVIEWS = YES;
				GENERATE_INFOPLIST_FILE = YES;
				INFOPLIST_FILE = iForest/Info.plist;
				INFOPLIST_KEY_LSApplicationCategoryType = "";
				INFOPLIST_KEY_NSCameraUsageDescription = "This app uses your camera to take photos of stands and trees.";
				INFOPLIST_KEY_UIApplicationSceneManifest_Generation = YES;
				INFOPLIST_KEY_UIApplicationSupportsIndirectInputEvents = YES;
				INFOPLIST_KEY_UILaunchScreen_Generation = YES;
				INFOPLIST_KEY_UISupportedInterfaceOrientations_iPad = "UIInterfaceOrientationPortrait UIInterfaceOrientationPortraitUpsideDown UIInterfaceOrientationLandscapeLeft UIInterfaceOrientationLandscapeRight";
				INFOPLIST_KEY_UISupportedInterfaceOrientations_iPhone = "UIInterfaceOrientationPortrait UIInterfaceOrientationLandscapeLeft UIInterfaceOrientationLandscapeRight";
				LD_RUNPATH_SEARCH_PATHS = (
					"$(inherited)",
					"@executable_path/Frameworks",
				);
				MARKETING_VERSION = 1.0;
				PRODUCT_BUNDLE_IDENTIFIER = com.marcel.iForest;
				PRODUCT_NAME = "$(TARGET_NAME)";
				SWIFT_EMIT_LOC_STRINGS = YES;
				SWIFT_VERSION = 5.0;
				TARGETED_DEVICE_FAMILY = "1,2";
			};
			name = Debug;
		};
		1FAF32B02C88A6A0009FCEA3 /* Release */ = {
			isa = XCBuildConfiguration;
			buildSettings = {
				ASSETCATALOG_COMPILER_APPICON_NAME = AppIcon;
				ASSETCATALOG_COMPILER_GLOBAL_ACCENT_COLOR_NAME = AccentColor;
				CODE_SIGN_STYLE = Automatic;
				CURRENT_PROJECT_VERSION = 1;
				DEVELOPMENT_ASSET_PATHS = "\"iForest/Preview Content\"";
				DEVELOPMENT_TEAM = P3K32DW2KW;
				ENABLE_PREVIEWS = YES;
				GENERATE_INFOPLIST_FILE = YES;
				INFOPLIST_FILE = iForest/Info.plist;
				INFOPLIST_KEY_LSApplicationCategoryType = "";
				INFOPLIST_KEY_NSCameraUsageDescription = "This app uses your camera to take photos of stands and trees.";
				INFOPLIST_KEY_UIApplicationSceneManifest_Generation = YES;
				INFOPLIST_KEY_UIApplicationSupportsIndirectInputEvents = YES;
				INFOPLIST_KEY_UILaunchScreen_Generation = YES;
				INFOPLIST_KEY_UISupportedInterfaceOrientations_iPad = "UIInterfaceOrientationPortrait UIInterfaceOrientationPortraitUpsideDown UIInterfaceOrientationLandscapeLeft UIInterfaceOrientationLandscapeRight";
				INFOPLIST_KEY_UISupportedInterfaceOrientations_iPhone = "UIInterfaceOrientationPortrait UIInterfaceOrientationLandscapeLeft UIInterfaceOrientationLandscapeRight";
				LD_RUNPATH_SEARCH_PATHS = (
					"$(inherited)",
					"@executable_path/Frameworks",
				);
				MARKETING_VERSION = 1.0;
				PRODUCT_BUNDLE_IDENTIFIER = com.marcel.iForest;
				PRODUCT_NAME = "$(TARGET_NAME)";
				SWIFT_EMIT_LOC_STRINGS = YES;
				SWIFT_VERSION = 5.0;
				TARGETED_DEVICE_FAMILY = "1,2";
			};
			name = Release;
		};
/* End XCBuildConfiguration section */

/* Begin XCConfigurationList section */
		1FAF329B2C88A69F009FCEA3 /* Build configuration list for PBXProject "iForest" */ = {
			isa = XCConfigurationList;
			buildConfigurations = (
				1FAF32AC2C88A6A0009FCEA3 /* Debug */,
				1FAF32AD2C88A6A0009FCEA3 /* Release */,
			);
			defaultConfigurationIsVisible = 0;
			defaultConfigurationName = Release;
		};
		1FAF32AE2C88A6A0009FCEA3 /* Build configuration list for PBXNativeTarget "iForest" */ = {
			isa = XCConfigurationList;
			buildConfigurations = (
				1FAF32AF2C88A6A0009FCEA3 /* Debug */,
				1FAF32B02C88A6A0009FCEA3 /* Release */,
			);
			defaultConfigurationIsVisible = 0;
			defaultConfigurationName = Release;
		};
/* End XCConfigurationList section */

/* Begin XCRemoteSwiftPackageReference section */
		1F2120FD2C95B2EB0050B857 /* XCRemoteSwiftPackageReference "KeychainAccess" */ = {
			isa = XCRemoteSwiftPackageReference;
			repositoryURL = "https://github.com/kishikawakatsumi/KeychainAccess";
			requirement = {
				branch = master;
				kind = branch;
			};
		};
		1FB8F5D92C8CA21D001405E3 /* XCRemoteSwiftPackageReference "firebase-ios-sdk" */ = {
			isa = XCRemoteSwiftPackageReference;
			repositoryURL = "https://github.com/firebase/firebase-ios-sdk";
			requirement = {
				kind = upToNextMajorVersion;
				minimumVersion = 11.1.0;
			};
		};
/* End XCRemoteSwiftPackageReference section */

/* Begin XCSwiftPackageProductDependency section */
		1F2120FE2C95B2EB0050B857 /* KeychainAccess */ = {
			isa = XCSwiftPackageProductDependency;
			package = 1F2120FD2C95B2EB0050B857 /* XCRemoteSwiftPackageReference "KeychainAccess" */;
			productName = KeychainAccess;
		};
		1FB8F5DA2C8CA21D001405E3 /* FirebaseAuth */ = {
			isa = XCSwiftPackageProductDependency;
			package = 1FB8F5D92C8CA21D001405E3 /* XCRemoteSwiftPackageReference "firebase-ios-sdk" */;
			productName = FirebaseAuth;
		};
		1FB8F5DC2C8CA21D001405E3 /* FirebaseFirestore */ = {
			isa = XCSwiftPackageProductDependency;
			package = 1FB8F5D92C8CA21D001405E3 /* XCRemoteSwiftPackageReference "firebase-ios-sdk" */;
			productName = FirebaseFirestore;
		};
/* End XCSwiftPackageProductDependency section */

/* Begin XCVersionGroup section */
		1F7246072CA52D8200D931CB /* iForestDataModel.xcdatamodeld */ = {
			isa = XCVersionGroup;
			children = (
				1F7246082CA52D8200D931CB /* iForestDataModel.xcdatamodel */,
			);
			currentVersion = 1F7246082CA52D8200D931CB /* iForestDataModel.xcdatamodel */;
			path = iForestDataModel.xcdatamodeld;
			sourceTree = "<group>";
			versionGroupType = wrapper.xcdatamodel;
		};
/* End XCVersionGroup section */
	};
	rootObject = 1FAF32982C88A69F009FCEA3 /* Project object */;
}
